// !$*UTF8*$!
{
	archiveVersion = 1;
	classes = {
	};
	objectVersion = 46;
	objects = {

/* Begin PBXBuildFile section */
		19DDE2EBF2C6DD2F92220D00 /* Assets.xcassets in Resources */ = {isa = PBXBuildFile; fileRef = 19DDE2986819B40CD6CDB396 /* Assets.xcassets */; };
		19DDE4C35A0BB72D5D722E5A /* Main.storyboard in Resources */ = {isa = PBXBuildFile; fileRef = 19DDE2246AFF5937BA310FA8 /* Main.storyboard */; };
		19DDE7E2BC8757513D3D348F /* LaunchScreen.storyboard in Resources */ = {isa = PBXBuildFile; fileRef = 19DDE24DB191949A6C843C2B /* LaunchScreen.storyboard */; };
		19DDE9CA368A159C1323FC01 /* ViewController.swift in Sources */ = {isa = PBXBuildFile; fileRef = 19DDE37BFB232D6544A25F35 /* ViewController.swift */; };
		19DDEAE269F690396BD506CF /* AppDelegate.swift in Sources */ = {isa = PBXBuildFile; fileRef = 19DDEB9F4C18A87EFA6F0AFB /* AppDelegate.swift */; };
		467F729D76389D2015A61F25 /* Pods_CocoaPods_Test.framework in Frameworks */ = {isa = PBXBuildFile; fileRef = D316C1630935A1951DA2E112 /* Pods_CocoaPods_Test.framework */; };
/* End PBXBuildFile section */

/* Begin PBXFileReference section */
		19DDE08F1275F5920A973508 /* CocoaPods-Test.app */ = {isa = PBXFileReference; explicitFileType = wrapper.application; includeInIndex = 0; path = "CocoaPods-Test.app"; sourceTree = BUILT_PRODUCTS_DIR; };
		19DDE2986819B40CD6CDB396 /* Assets.xcassets */ = {isa = PBXFileReference; lastKnownFileType = folder.assetcatalog; path = Assets.xcassets; sourceTree = "<group>"; };
		19DDE37BFB232D6544A25F35 /* ViewController.swift */ = {isa = PBXFileReference; lastKnownFileType = sourcecode.swift; path = ViewController.swift; sourceTree = "<group>"; };
		19DDE75B1B6118D33E883EE5 /* Base */ = {isa = PBXFileReference; lastKnownFileType = file.storyboard; name = Base; path = Base.lproj/Main.storyboard; sourceTree = "<group>"; };
		19DDEB9F4C18A87EFA6F0AFB /* AppDelegate.swift */ = {isa = PBXFileReference; lastKnownFileType = sourcecode.swift; path = AppDelegate.swift; sourceTree = "<group>"; };
		19DDEC49266F1792862E12F6 /* Base */ = {isa = PBXFileReference; lastKnownFileType = file.storyboard; name = Base; path = Base.lproj/LaunchScreen.storyboard; sourceTree = "<group>"; };
		19DDED0D761D0416A917F8F7 /* Info.plist */ = {isa = PBXFileReference; lastKnownFileType = text.plist.info; path = Info.plist; sourceTree = "<group>"; };
		976F9277EA50F0E3ABB9D2F9 /* Pods-CocoaPods-Test.debug.xcconfig */ = {isa = PBXFileReference; includeInIndex = 1; lastKnownFileType = text.xcconfig; name = "Pods-CocoaPods-Test.debug.xcconfig"; path = "Target Support Files/Pods-CocoaPods-Test/Pods-CocoaPods-Test.debug.xcconfig"; sourceTree = "<group>"; };
		D316C1630935A1951DA2E112 /* Pods_CocoaPods_Test.framework */ = {isa = PBXFileReference; explicitFileType = wrapper.framework; includeInIndex = 0; path = Pods_CocoaPods_Test.framework; sourceTree = BUILT_PRODUCTS_DIR; };
		EF2635D35AEA1CDD3E65A0DE /* Pods-CocoaPods-Test.release.xcconfig */ = {isa = PBXFileReference; includeInIndex = 1; lastKnownFileType = text.xcconfig; name = "Pods-CocoaPods-Test.release.xcconfig"; path = "Target Support Files/Pods-CocoaPods-Test/Pods-CocoaPods-Test.release.xcconfig"; sourceTree = "<group>"; };
/* End PBXFileReference section */

/* Begin PBXFrameworksBuildPhase section */
		19DDE5126B261CE9D99BF166 /* Frameworks */ = {
			isa = PBXFrameworksBuildPhase;
			buildActionMask = 2147483647;
			files = (
				467F729D76389D2015A61F25 /* Pods_CocoaPods_Test.framework in Frameworks */,
			);
			runOnlyForDeploymentPostprocessing = 0;
		};
/* End PBXFrameworksBuildPhase section */

/* Begin PBXGroup section */
		19DDE0243CA963F06842EB23 = {
			isa = PBXGroup;
			children = (
				19DDEB02E5BC2B0D1EAFEA83 /* Products */,
				19DDEACD027A4E133A83DFAB /* CocoaPods-Test */,
				9AB958D5CA4E21B09BBF42DB /* Pods */,
				77A1EC0A52780D92019CE6C0 /* Frameworks */,
			);
			sourceTree = "<group>";
		};
		19DDEACD027A4E133A83DFAB /* CocoaPods-Test */ = {
			isa = PBXGroup;
			children = (
				19DDED0D761D0416A917F8F7 /* Info.plist */,
				19DDE2986819B40CD6CDB396 /* Assets.xcassets */,
				19DDE24DB191949A6C843C2B /* LaunchScreen.storyboard */,
				19DDEB9F4C18A87EFA6F0AFB /* AppDelegate.swift */,
				19DDE2246AFF5937BA310FA8 /* Main.storyboard */,
				19DDE37BFB232D6544A25F35 /* ViewController.swift */,
			);
			path = "CocoaPods-Test";
			sourceTree = "<group>";
		};
		19DDEB02E5BC2B0D1EAFEA83 /* Products */ = {
			isa = PBXGroup;
			children = (
				19DDE08F1275F5920A973508 /* CocoaPods-Test.app */,
			);
			name = Products;
			sourceTree = "<group>";
		};
		77A1EC0A52780D92019CE6C0 /* Frameworks */ = {
			isa = PBXGroup;
			children = (
				D316C1630935A1951DA2E112 /* Pods_CocoaPods_Test.framework */,
			);
			name = Frameworks;
			sourceTree = "<group>";
		};
		9AB958D5CA4E21B09BBF42DB /* Pods */ = {
			isa = PBXGroup;
			children = (
				976F9277EA50F0E3ABB9D2F9 /* Pods-CocoaPods-Test.debug.xcconfig */,
				EF2635D35AEA1CDD3E65A0DE /* Pods-CocoaPods-Test.release.xcconfig */,
			);
			name = Pods;
			path = Pods;
			sourceTree = "<group>";
		};
/* End PBXGroup section */

/* Begin PBXNativeTarget section */
		19DDEA9E88FE6E7A38A3C4A1 /* CocoaPods-Test */ = {
			isa = PBXNativeTarget;
			buildConfigurationList = 19DDEDCA3790296C47A88041 /* Build configuration list for PBXNativeTarget "CocoaPods-Test" */;
			buildPhases = (
				8E152E3F1FBD2B908AFEDDF2 /* [CP] Check Pods Manifest.lock */,
				19DDE886300D33DA1ABD8D49 /* Sources */,
				19DDE5126B261CE9D99BF166 /* Frameworks */,
				19DDE1A705C3BC5F447B9C15 /* Resources */,
				B9D9931B623121E9BFCAD28C /* [CP] Embed Pods Frameworks */,
			);
			buildRules = (
			);
			dependencies = (
			);
			name = "CocoaPods-Test";
			productName = "CocoaPods-Test";
			productReference = 19DDE08F1275F5920A973508 /* CocoaPods-Test.app */;
			productType = "com.apple.product-type.application";
		};
/* End PBXNativeTarget section */

/* Begin PBXProject section */
		19DDE4589BA1F9759EF9B01B /* Project object */ = {
			isa = PBXProject;
			attributes = {
				ORGANIZATIONNAME = kat8n;
			};
			buildConfigurationList = 19DDE2766347FC6601A3F49B /* Build configuration list for PBXProject "CocoaPods-Test" */;
			compatibilityVersion = "Xcode 3.2";
			developmentRegion = English;
			hasScannedForEncodings = 0;
			knownRegions = (
				English,
				en,
				Base,
			);
			mainGroup = 19DDE0243CA963F06842EB23;
			productRefGroup = 19DDEB02E5BC2B0D1EAFEA83 /* Products */;
			projectDirPath = "";
			projectRoot = "";
			targets = (
				19DDEA9E88FE6E7A38A3C4A1 /* CocoaPods-Test */,
			);
		};
/* End PBXProject section */

/* Begin PBXResourcesBuildPhase section */
		19DDE1A705C3BC5F447B9C15 /* Resources */ = {
			isa = PBXResourcesBuildPhase;
			buildActionMask = 2147483647;
			files = (
				19DDE2EBF2C6DD2F92220D00 /* Assets.xcassets in Resources */,
				19DDE7E2BC8757513D3D348F /* LaunchScreen.storyboard in Resources */,
				19DDE4C35A0BB72D5D722E5A /* Main.storyboard in Resources */,
			);
			runOnlyForDeploymentPostprocessing = 0;
		};
/* End PBXResourcesBuildPhase section */

/* Begin PBXShellScriptBuildPhase section */
		8E152E3F1FBD2B908AFEDDF2 /* [CP] Check Pods Manifest.lock */ = {
			isa = PBXShellScriptBuildPhase;
			buildActionMask = 2147483647;
			files = (
			);
			inputFileListPaths = (
			);
			inputPaths = (
				"${PODS_PODFILE_DIR_PATH}/Podfile.lock",
				"${PODS_ROOT}/Manifest.lock",
			);
			name = "[CP] Check Pods Manifest.lock";
			outputFileListPaths = (
			);
			outputPaths = (
				"$(DERIVED_FILE_DIR)/Pods-CocoaPods-Test-checkManifestLockResult.txt",
			);
			runOnlyForDeploymentPostprocessing = 0;
			shellPath = /bin/sh;
			shellScript = "diff \"${PODS_PODFILE_DIR_PATH}/Podfile.lock\" \"${PODS_ROOT}/Manifest.lock\" > /dev/null\nif [ $? != 0 ] ; then\n    # print error to STDERR\n    echo \"error: The sandbox is not in sync with the Podfile.lock. Run 'pod install' or update your CocoaPods installation.\" >&2\n    exit 1\nfi\n# This output is used by Xcode 'outputs' to avoid re-running this script phase.\necho \"SUCCESS\" > \"${SCRIPT_OUTPUT_FILE_0}\"\n";
			showEnvVarsInLog = 0;
		};
		B9D9931B623121E9BFCAD28C /* [CP] Embed Pods Frameworks */ = {
			isa = PBXShellScriptBuildPhase;
			buildActionMask = 2147483647;
			files = (
			);
			inputFileListPaths = (
			);
			inputPaths = (
				"${PODS_ROOT}/Target Support Files/Pods-CocoaPods-Test/Pods-CocoaPods-Test-frameworks.sh",
				"${BUILT_PRODUCTS_DIR}/SDWebImage/SDWebImage.framework",
			);
			name = "[CP] Embed Pods Frameworks";
			outputFileListPaths = (
			);
			outputPaths = (
				"${TARGET_BUILD_DIR}/${FRAMEWORKS_FOLDER_PATH}/SDWebImage.framework",
			);
			runOnlyForDeploymentPostprocessing = 0;
			shellPath = /bin/sh;
			shellScript = "\"${PODS_ROOT}/Target Support Files/Pods-CocoaPods-Test/Pods-CocoaPods-Test-frameworks.sh\"\n";
			showEnvVarsInLog = 0;
		};
/* End PBXShellScriptBuildPhase section */

/* Begin PBXSourcesBuildPhase section */
		19DDE886300D33DA1ABD8D49 /* Sources */ = {
			isa = PBXSourcesBuildPhase;
			buildActionMask = 2147483647;
			files = (
				19DDEAE269F690396BD506CF /* AppDelegate.swift in Sources */,
				19DDE9CA368A159C1323FC01 /* ViewController.swift in Sources */,
			);
			runOnlyForDeploymentPostprocessing = 0;
		};
/* End PBXSourcesBuildPhase section */

/* Begin PBXVariantGroup section */
		19DDE2246AFF5937BA310FA8 /* Main.storyboard */ = {
			isa = PBXVariantGroup;
			children = (
				19DDE75B1B6118D33E883EE5 /* Base */,
			);
			name = Main.storyboard;
			sourceTree = "<group>";
		};
		19DDE24DB191949A6C843C2B /* LaunchScreen.storyboard */ = {
			isa = PBXVariantGroup;
			children = (
				19DDEC49266F1792862E12F6 /* Base */,
			);
			name = LaunchScreen.storyboard;
			sourceTree = "<group>";
		};
/* End PBXVariantGroup section */

/* Begin XCBuildConfiguration section */
		19DDE19702FA730D1D43384F /* Debug */ = {
			isa = XCBuildConfiguration;
			baseConfigurationReference = 976F9277EA50F0E3ABB9D2F9 /* Pods-CocoaPods-Test.debug.xcconfig */;
			buildSettings = {
				ASSETCATALOG_COMPILER_APPICON_NAME = AppIcon;
				INFOPLIST_FILE = "CocoaPods-Test/Info.plist";
				LD_RUNPATH_SEARCH_PATHS = "$(inherited) @executable_path/Frameworks";
				PRODUCT_BUNDLE_IDENTIFIER = "com.kat8n.CocoaPods-Test";
				PRODUCT_NAME = "$(TARGET_NAME)";
				SWIFT_VERSION = 5.0;
				TARGETED_DEVICE_FAMILY = "1,2";
			};
			name = Debug;
		};
		19DDE508601D08DDA6F885A9 /* Release */ = {
			isa = XCBuildConfiguration;
			buildSettings = {
				ALWAYS_SEARCH_USER_PATHS = NO;
				CLANG_ANALYZER_NONNULL = YES;
				CLANG_ANALYZER_NUMBER_OBJECT_CONVERSION = YES_AGGRESSIVE;
				CLANG_CXX_LANGUAGE_STANDARD = "gnu++14";
				CLANG_CXX_LIBRARY = "libc++";
				CLANG_ENABLE_MODULES = YES;
				CLANG_ENABLE_OBJC_ARC = YES;
				CLANG_ENABLE_OBJC_WEAK = YES;
				CLANG_WARN_BLOCK_CAPTURE_AUTORELEASING = YES;
				CLANG_WARN_BOOL_CONVERSION = YES;
				CLANG_WARN_COMMA = YES;
				CLANG_WARN_CONSTANT_CONVERSION = YES;
				CLANG_WARN_DEPRECATED_OBJC_IMPLEMENTATIONS = YES;
				CLANG_WARN_DIRECT_OBJC_ISA_USAGE = YES_ERROR;
				CLANG_WARN_DOCUMENTATION_COMMENTS = YES;
				CLANG_WARN_EMPTY_BODY = YES;
				CLANG_WARN_ENUM_CONVERSION = YES;
				CLANG_WARN_INFINITE_RECURSION = YES;
				CLANG_WARN_INT_CONVERSION = YES;
				CLANG_WARN_NON_LITERAL_NULL_CONVERSION = YES;
				CLANG_WARN_OBJC_IMPLICIT_RETAIN_SELF = YES;
				CLANG_WARN_OBJC_LITERAL_CONVERSION = YES;
				CLANG_WARN_OBJC_ROOT_CLASS = YES_ERROR;
				CLANG_WARN_RANGE_LOOP_ANALYSIS = YES;
				CLANG_WARN_STRICT_PROTOTYPES = YES;
				CLANG_WARN_SUSPICIOUS_MOVE = YES;
				CLANG_WARN_UNGUARDED_AVAILABILITY = YES_AGGRESSIVE;
				CLANG_WARN_UNREACHABLE_CODE = YES;
				CLANG_WARN__DUPLICATE_METHOD_MATCH = YES;
				CODE_SIGN_IDENTITY = "iPhone Developer";
				COPY_PHASE_STRIP = NO;
				DEBUG_INFORMATION_FORMAT = "dwarf-with-dsym";
				ENABLE_NS_ASSERTIONS = NO;
				ENABLE_STRICT_OBJC_MSGSEND = YES;
				GCC_C_LANGUAGE_STANDARD = gnu11;
				GCC_NO_COMMON_BLOCKS = YES;
				GCC_WARN_64_TO_32_BIT_CONVERSION = YES;
				GCC_WARN_ABOUT_RETURN_TYPE = YES_ERROR;
				GCC_WARN_UNDECLARED_SELECTOR = YES;
				GCC_WARN_UNINITIALIZED_AUTOS = YES_AGGRESSIVE;
				GCC_WARN_UNUSED_FUNCTION = YES;
				GCC_WARN_UNUSED_VARIABLE = YES;
				IPHONEOS_DEPLOYMENT_TARGET = 12.2;
				MTL_ENABLE_DEBUG_INFO = NO;
				MTL_FAST_MATH = YES;
				SDKROOT = iphoneos;
				SWIFT_OPTIMIZATION_LEVEL = "-Owholemodule";
				VALIDATE_PRODUCT = YES;
			};
			name = Release;
		};
		19DDE6025D0B270880DC35D1 /* Debug */ = {
			isa = XCBuildConfiguration;
			buildSettings = {
				ALWAYS_SEARCH_USER_PATHS = NO;
				CLANG_ANALYZER_NONNULL = YES;
				CLANG_ANALYZER_NUMBER_OBJECT_CONVERSION = YES_AGGRESSIVE;
				CLANG_CXX_LANGUAGE_STANDARD = "gnu++14";
				CLANG_CXX_LIBRARY = "libc++";
				CLANG_ENABLE_MODULES = YES;
				CLANG_ENABLE_OBJC_ARC = YES;
				CLANG_ENABLE_OBJC_WEAK = YES;
				CLANG_WARN_BLOCK_CAPTURE_AUTORELEASING = YES;
				CLANG_WARN_BOOL_CONVERSION = YES;
				CLANG_WARN_COMMA = YES;
				CLANG_WARN_CONSTANT_CONVERSION = YES;
				CLANG_WARN_DEPRECATED_OBJC_IMPLEMENTATIONS = YES;
				CLANG_WARN_DIRECT_OBJC_ISA_USAGE = YES_ERROR;
				CLANG_WARN_DOCUMENTATION_COMMENTS = YES;
				CLANG_WARN_EMPTY_BODY = YES;
				CLANG_WARN_ENUM_CONVERSION = YES;
				CLANG_WARN_INFINITE_RECURSION = YES;
				CLANG_WARN_INT_CONVERSION = YES;
				CLANG_WARN_NON_LITERAL_NULL_CONVERSION = YES;
				CLANG_WARN_OBJC_IMPLICIT_RETAIN_SELF = YES;
				CLANG_WARN_OBJC_LITERAL_CONVERSION = YES;
				CLANG_WARN_OBJC_ROOT_CLASS = YES_ERROR;
				CLANG_WARN_RANGE_LOOP_ANALYSIS = YES;
				CLANG_WARN_STRICT_PROTOTYPES = YES;
				CLANG_WARN_SUSPICIOUS_MOVE = YES;
				CLANG_WARN_UNGUARDED_AVAILABILITY = YES_AGGRESSIVE;
				CLANG_WARN_UNREACHABLE_CODE = YES;
				CLANG_WARN__DUPLICATE_METHOD_MATCH = YES;
				CODE_SIGN_IDENTITY = "iPhone Developer";
				COPY_PHASE_STRIP = NO;
				DEBUG_INFORMATION_FORMAT = dwarf;
				ENABLE_STRICT_OBJC_MSGSEND = YES;
				ENABLE_TESTABILITY = YES;
				GCC_C_LANGUAGE_STANDARD = gnu11;
				GCC_DYNAMIC_NO_PIC = NO;
				GCC_NO_COMMON_BLOCKS = YES;
				GCC_OPTIMIZATION_LEVEL = 0;
				GCC_PREPROCESSOR_DEFINITIONS = (
					"DEBUG=1",
					"$(inherited)",
				);
				GCC_WARN_64_TO_32_BIT_CONVERSION = YES;
				GCC_WARN_ABOUT_RETURN_TYPE = YES_ERROR;
				GCC_WARN_UNDECLARED_SELECTOR = YES;
				GCC_WARN_UNINITIALIZED_AUTOS = YES_AGGRESSIVE;
				GCC_WARN_UNUSED_FUNCTION = YES;
				GCC_WARN_UNUSED_VARIABLE = YES;
				IPHONEOS_DEPLOYMENT_TARGET = 12.2;
				MTL_ENABLE_DEBUG_INFO = INCLUDE_SOURCE;
				MTL_FAST_MATH = YES;
				ONLY_ACTIVE_ARCH = YES;
				SDKROOT = iphoneos;
				SWIFT_ACTIVE_COMPILATION_CONDITIONS = DEBUG;
				SWIFT_OPTIMIZATION_LEVEL = "-Onone";
			};
			name = Debug;
		};
		19DDE840F9C20CD2444F3F8B /* Release */ = {
			isa = XCBuildConfiguration;
			baseConfigurationReference = EF2635D35AEA1CDD3E65A0DE /* Pods-CocoaPods-Test.release.xcconfig */;
			buildSettings = {
				ASSETCATALOG_COMPILER_APPICON_NAME = AppIcon;
				INFOPLIST_FILE = "CocoaPods-Test/Info.plist";
				LD_RUNPATH_SEARCH_PATHS = "$(inherited) @executable_path/Frameworks";
				PRODUCT_BUNDLE_IDENTIFIER = "com.kat8n.CocoaPods-Test";
				PRODUCT_NAME = "$(TARGET_NAME)";
				SWIFT_VERSION = 5.0;
				TARGETED_DEVICE_FAMILY = "1,2";
			};
			name = Release;
		};
/* End XCBuildConfiguration section */

/* Begin XCConfigurationList section */
		19DDE2766347FC6601A3F49B /* Build configuration list for PBXProject "CocoaPods-Test" */ = {
			isa = XCConfigurationList;
			buildConfigurations = (
				19DDE6025D0B270880DC35D1 /* Debug */,
				19DDE508601D08DDA6F885A9 /* Release */,
			);
			defaultConfigurationIsVisible = 0;
			defaultConfigurationName = Release;
		};
		19DDEDCA3790296C47A88041 /* Build configuration list for PBXNativeTarget "CocoaPods-Test" */ = {
			isa = XCConfigurationList;
			buildConfigurations = (
				19DDE19702FA730D1D43384F /* Debug */,
				19DDE840F9C20CD2444F3F8B /* Release */,
			);
			defaultConfigurationIsVisible = 0;
			defaultConfigurationName = Release;
		};
/* End XCConfigurationList section */
	};
	rootObject = 19DDE4589BA1F9759EF9B01B /* Project object */;
}
