// !$*UTF8*$!
{
	archiveVersion = 1;
	classes = {
	};
	objectVersion = 46;
	objects = {

/* Begin PBXBuildFile section */
		19DDE7F646F9772E1F747357 /* Assets.xcassets in Resources */ = {isa = PBXBuildFile; fileRef = 19DDE1F67FD11E2026DE5471 /* Assets.xcassets */; };
		19DDE9E86B086B83141271DC /* AppDelegate.swift in Sources */ = {isa = PBXBuildFile; fileRef = 19DDEF2779B9952161C1A9BD /* AppDelegate.swift */; };
		19DDED4364106E0768CE72FE /* ViewController.swift in Sources */ = {isa = PBXBuildFile; fileRef = 19DDEB7386E8B7612A420EE3 /* ViewController.swift */; };
		19DDED79FDBBD2DB8A634AC9 /* Main.storyboard in Resources */ = {isa = PBXBuildFile; fileRef = 19DDE7D91EF007EF3BF0F098 /* Main.storyboard */; };
		19DDEFA9DB5456630581BE80 /* LaunchScreen.storyboard in Resources */ = {isa = PBXBuildFile; fileRef = 19DDE25B2ECB669E9BE81CBF /* LaunchScreen.storyboard */; };
		93957221D48ECB261DF48873 /* Pods_CocoaPods_Test.framework in Frameworks */ = {isa = PBXBuildFile; fileRef = F49302890DCB2D7433321D57 /* Pods_CocoaPods_Test.framework */; };
/* End PBXBuildFile section */

/* Begin PBXFileReference section */
		19DDE1F67FD11E2026DE5471 /* Assets.xcassets */ = {isa = PBXFileReference; lastKnownFileType = folder.assetcatalog; path = Assets.xcassets; sourceTree = "<group>"; };
		19DDE2D0FDAAC5A9630D54A8 /* CocoaPods-Test.app */ = {isa = PBXFileReference; explicitFileType = wrapper.application; includeInIndex = 0; path = "CocoaPods-Test.app"; sourceTree = BUILT_PRODUCTS_DIR; };
		19DDE59BC1C5191C34772164 /* Base */ = {isa = PBXFileReference; lastKnownFileType = file.storyboard; name = Base; path = Base.lproj/Main.storyboard; sourceTree = "<group>"; };
		19DDE90D178684179216A4CD /* Base */ = {isa = PBXFileReference; lastKnownFileType = file.storyboard; name = Base; path = Base.lproj/LaunchScreen.storyboard; sourceTree = "<group>"; };
		19DDEB0D3089074DF692DA7D /* Info.plist */ = {isa = PBXFileReference; lastKnownFileType = text.plist.info; path = Info.plist; sourceTree = "<group>"; };
		19DDEB7386E8B7612A420EE3 /* ViewController.swift */ = {isa = PBXFileReference; lastKnownFileType = sourcecode.swift; path = ViewController.swift; sourceTree = "<group>"; };
		19DDEF2779B9952161C1A9BD /* AppDelegate.swift */ = {isa = PBXFileReference; lastKnownFileType = sourcecode.swift; path = AppDelegate.swift; sourceTree = "<group>"; };
		1B4ABE1F2C6BE2E9D52B8411 /* Pods-CocoaPods-Test.release.xcconfig */ = {isa = PBXFileReference; includeInIndex = 1; lastKnownFileType = text.xcconfig; name = "Pods-CocoaPods-Test.release.xcconfig"; path = "Target Support Files/Pods-CocoaPods-Test/Pods-CocoaPods-Test.release.xcconfig"; sourceTree = "<group>"; };
		279349F252B8E44D6CDC8CD2 /* Pods-CocoaPods-Test.debug.xcconfig */ = {isa = PBXFileReference; includeInIndex = 1; lastKnownFileType = text.xcconfig; name = "Pods-CocoaPods-Test.debug.xcconfig"; path = "Target Support Files/Pods-CocoaPods-Test/Pods-CocoaPods-Test.debug.xcconfig"; sourceTree = "<group>"; };
		F49302890DCB2D7433321D57 /* Pods_CocoaPods_Test.framework */ = {isa = PBXFileReference; explicitFileType = wrapper.framework; includeInIndex = 0; path = Pods_CocoaPods_Test.framework; sourceTree = BUILT_PRODUCTS_DIR; };
/* End PBXFileReference section */

/* Begin PBXFrameworksBuildPhase section */
		19DDE220B9475459F2FDD092 /* Frameworks */ = {
			isa = PBXFrameworksBuildPhase;
			buildActionMask = 2147483647;
			files = (
				93957221D48ECB261DF48873 /* Pods_CocoaPods_Test.framework in Frameworks */,
			);
			runOnlyForDeploymentPostprocessing = 0;
		};
/* End PBXFrameworksBuildPhase section */

/* Begin PBXGroup section */
		19DDE350F4E2839ACB64CF88 /* Products */ = {
			isa = PBXGroup;
			children = (
				19DDE2D0FDAAC5A9630D54A8 /* CocoaPods-Test.app */,
			);
			name = Products;
			sourceTree = "<group>";
		};
		19DDE6046A7BA3AC51440A66 = {
			isa = PBXGroup;
			children = (
				19DDE350F4E2839ACB64CF88 /* Products */,
				19DDE6207CEE81837CD82595 /* CocoaPods-Test */,
				B029F4ED73687B26B3E196F6 /* Pods */,
				A6741E1E0186DD28890BE7F3 /* Frameworks */,
			);
			sourceTree = "<group>";
		};
		19DDE6207CEE81837CD82595 /* CocoaPods-Test */ = {
			isa = PBXGroup;
			children = (
				19DDEB0D3089074DF692DA7D /* Info.plist */,
				19DDE1F67FD11E2026DE5471 /* Assets.xcassets */,
				19DDE25B2ECB669E9BE81CBF /* LaunchScreen.storyboard */,
				19DDEF2779B9952161C1A9BD /* AppDelegate.swift */,
				19DDE7D91EF007EF3BF0F098 /* Main.storyboard */,
				19DDEB7386E8B7612A420EE3 /* ViewController.swift */,
			);
			path = "CocoaPods-Test";
			sourceTree = "<group>";
		};
		A6741E1E0186DD28890BE7F3 /* Frameworks */ = {
			isa = PBXGroup;
			children = (
				F49302890DCB2D7433321D57 /* Pods_CocoaPods_Test.framework */,
			);
			name = Frameworks;
			sourceTree = "<group>";
		};
		B029F4ED73687B26B3E196F6 /* Pods */ = {
			isa = PBXGroup;
			children = (
				279349F252B8E44D6CDC8CD2 /* Pods-CocoaPods-Test.debug.xcconfig */,
				1B4ABE1F2C6BE2E9D52B8411 /* Pods-CocoaPods-Test.release.xcconfig */,
			);
			name = Pods;
			path = Pods;
			sourceTree = "<group>";
		};
/* End PBXGroup section */

/* Begin PBXNativeTarget section */
		19DDE43399B28AA1742C80CE /* CocoaPods-Test */ = {
			isa = PBXNativeTarget;
			buildConfigurationList = 19DDE9BBBB562706ECCFAF9A /* Build configuration list for PBXNativeTarget "CocoaPods-Test" */;
			buildPhases = (
				2E75131681EB64EDBE25F184 /* [CP] Check Pods Manifest.lock */,
				19DDE77EEF68E96BD895E22F /* Sources */,
				19DDE220B9475459F2FDD092 /* Frameworks */,
				19DDE7183B76763DA42FFF99 /* Resources */,
				AC8F53051ACFD8BB02B9F4A7 /* [CP] Embed Pods Frameworks */,
			);
			buildRules = (
			);
			dependencies = (
			);
			name = "CocoaPods-Test";
			productName = "CocoaPods-Test";
			productReference = 19DDE2D0FDAAC5A9630D54A8 /* CocoaPods-Test.app */;
			productType = "com.apple.product-type.application";
		};
/* End PBXNativeTarget section */

/* Begin PBXProject section */
		19DDE887D7BECB2693B7B557 /* Project object */ = {
			isa = PBXProject;
			attributes = {
				ORGANIZATIONNAME = kat8n;
			};
			buildConfigurationList = 19DDE72E9688886C23B5B7EF /* Build configuration list for PBXProject "CocoaPods-Test" */;
			compatibilityVersion = "Xcode 3.2";
			developmentRegion = English;
			hasScannedForEncodings = 0;
			knownRegions = (
				English,
				en,
				Base,
			);
			mainGroup = 19DDE6046A7BA3AC51440A66;
			productRefGroup = 19DDE350F4E2839ACB64CF88 /* Products */;
			projectDirPath = "";
			projectRoot = "";
			targets = (
				19DDE43399B28AA1742C80CE /* CocoaPods-Test */,
			);
		};
/* End PBXProject section */

/* Begin PBXResourcesBuildPhase section */
		19DDE7183B76763DA42FFF99 /* Resources */ = {
			isa = PBXResourcesBuildPhase;
			buildActionMask = 2147483647;
			files = (
				19DDE7F646F9772E1F747357 /* Assets.xcassets in Resources */,
				19DDEFA9DB5456630581BE80 /* LaunchScreen.storyboard in Resources */,
				19DDED79FDBBD2DB8A634AC9 /* Main.storyboard in Resources */,
			);
			runOnlyForDeploymentPostprocessing = 0;
		};
/* End PBXResourcesBuildPhase section */

/* Begin PBXShellScriptBuildPhase section */
		2E75131681EB64EDBE25F184 /* [CP] Check Pods Manifest.lock */ = {
			isa = PBXShellScriptBuildPhase;
			buildActionMask = 2147483647;
			files = (
			);
			inputFileListPaths = (
			);
			inputPaths = (
				"${PODS_PODFILE_DIR_PATH}/Podfile.lock",
				"${PODS_ROOT}/Manifest.lock",
			);
			name = "[CP] Check Pods Manifest.lock";
			outputFileListPaths = (
			);
			outputPaths = (
				"$(DERIVED_FILE_DIR)/Pods-CocoaPods-Test-checkManifestLockResult.txt",
			);
			runOnlyForDeploymentPostprocessing = 0;
			shellPath = /bin/sh;
			shellScript = "diff \"${PODS_PODFILE_DIR_PATH}/Podfile.lock\" \"${PODS_ROOT}/Manifest.lock\" > /dev/null\nif [ $? != 0 ] ; then\n    # print error to STDERR\n    echo \"error: The sandbox is not in sync with the Podfile.lock. Run 'pod install' or update your CocoaPods installation.\" >&2\n    exit 1\nfi\n# This output is used by Xcode 'outputs' to avoid re-running this script phase.\necho \"SUCCESS\" > \"${SCRIPT_OUTPUT_FILE_0}\"\n";
			showEnvVarsInLog = 0;
		};
		AC8F53051ACFD8BB02B9F4A7 /* [CP] Embed Pods Frameworks */ = {
			isa = PBXShellScriptBuildPhase;
			buildActionMask = 2147483647;
			files = (
			);
			inputFileListPaths = (
			);
			inputPaths = (
				"${PODS_ROOT}/Target Support Files/Pods-CocoaPods-Test/Pods-CocoaPods-Test-frameworks.sh",
				"${BUILT_PRODUCTS_DIR}/ScrollableGraphView/ScrollableGraphView.framework",
			);
			name = "[CP] Embed Pods Frameworks";
			outputFileListPaths = (
			);
			outputPaths = (
				"${TARGET_BUILD_DIR}/${FRAMEWORKS_FOLDER_PATH}/ScrollableGraphView.framework",
			);
			runOnlyForDeploymentPostprocessing = 0;
			shellPath = /bin/sh;
			shellScript = "\"${PODS_ROOT}/Target Support Files/Pods-CocoaPods-Test/Pods-CocoaPods-Test-frameworks.sh\"\n";
			showEnvVarsInLog = 0;
		};
/* End PBXShellScriptBuildPhase section */

/* Begin PBXSourcesBuildPhase section */
		19DDE77EEF68E96BD895E22F /* Sources */ = {
			isa = PBXSourcesBuildPhase;
			buildActionMask = 2147483647;
			files = (
				19DDE9E86B086B83141271DC /* AppDelegate.swift in Sources */,
				19DDED4364106E0768CE72FE /* ViewController.swift in Sources */,
			);
			runOnlyForDeploymentPostprocessing = 0;
		};
/* End PBXSourcesBuildPhase section */

/* Begin PBXVariantGroup section */
		19DDE25B2ECB669E9BE81CBF /* LaunchScreen.storyboard */ = {
			isa = PBXVariantGroup;
			children = (
				19DDE90D178684179216A4CD /* Base */,
			);
			name = LaunchScreen.storyboard;
			sourceTree = "<group>";
		};
		19DDE7D91EF007EF3BF0F098 /* Main.storyboard */ = {
			isa = PBXVariantGroup;
			children = (
				19DDE59BC1C5191C34772164 /* Base */,
			);
			name = Main.storyboard;
			sourceTree = "<group>";
		};
/* End PBXVariantGroup section */

/* Begin XCBuildConfiguration section */
		19DDE33F4245CBE39C38A08F /* Release */ = {
			isa = XCBuildConfiguration;
			baseConfigurationReference = 1B4ABE1F2C6BE2E9D52B8411 /* Pods-CocoaPods-Test.release.xcconfig */;
			buildSettings = {
				ASSETCATALOG_COMPILER_APPICON_NAME = AppIcon;
				INFOPLIST_FILE = "CocoaPods-Test/Info.plist";
				LD_RUNPATH_SEARCH_PATHS = "$(inherited) @executable_path/Frameworks";
				PRODUCT_BUNDLE_IDENTIFIER = "com.kat8n.CocoaPods-Test";
				PRODUCT_NAME = "$(TARGET_NAME)";
				SWIFT_VERSION = 5.0;
				TARGETED_DEVICE_FAMILY = "1,2";
			};
			name = Release;
		};
		19DDE4E8640731D85D3D50AA /* Debug */ = {
			isa = XCBuildConfiguration;
			buildSettings = {
				ALWAYS_SEARCH_USER_PATHS = NO;
				CLANG_ANALYZER_NONNULL = YES;
				CLANG_ANALYZER_NUMBER_OBJECT_CONVERSION = YES_AGGRESSIVE;
				CLANG_CXX_LANGUAGE_STANDARD = "gnu++14";
				CLANG_CXX_LIBRARY = "libc++";
				CLANG_ENABLE_MODULES = YES;
				CLANG_ENABLE_OBJC_ARC = YES;
				CLANG_ENABLE_OBJC_WEAK = YES;
				CLANG_WARN_BLOCK_CAPTURE_AUTORELEASING = YES;
				CLANG_WARN_BOOL_CONVERSION = YES;
				CLANG_WARN_COMMA = YES;
				CLANG_WARN_CONSTANT_CONVERSION = YES;
				CLANG_WARN_DEPRECATED_OBJC_IMPLEMENTATIONS = YES;
				CLANG_WARN_DIRECT_OBJC_ISA_USAGE = YES_ERROR;
				CLANG_WARN_DOCUMENTATION_COMMENTS = YES;
				CLANG_WARN_EMPTY_BODY = YES;
				CLANG_WARN_ENUM_CONVERSION = YES;
				CLANG_WARN_INFINITE_RECURSION = YES;
				CLANG_WARN_INT_CONVERSION = YES;
				CLANG_WARN_NON_LITERAL_NULL_CONVERSION = YES;
				CLANG_WARN_OBJC_IMPLICIT_RETAIN_SELF = YES;
				CLANG_WARN_OBJC_LITERAL_CONVERSION = YES;
				CLANG_WARN_OBJC_ROOT_CLASS = YES_ERROR;
				CLANG_WARN_RANGE_LOOP_ANALYSIS = YES;
				CLANG_WARN_STRICT_PROTOTYPES = YES;
				CLANG_WARN_SUSPICIOUS_MOVE = YES;
				CLANG_WARN_UNGUARDED_AVAILABILITY = YES_AGGRESSIVE;
				CLANG_WARN_UNREACHABLE_CODE = YES;
				CLANG_WARN__DUPLICATE_METHOD_MATCH = YES;
				CODE_SIGN_IDENTITY = "iPhone Developer";
				COPY_PHASE_STRIP = NO;
				DEBUG_INFORMATION_FORMAT = dwarf;
				ENABLE_STRICT_OBJC_MSGSEND = YES;
				ENABLE_TESTABILITY = YES;
				GCC_C_LANGUAGE_STANDARD = gnu11;
				GCC_DYNAMIC_NO_PIC = NO;
				GCC_NO_COMMON_BLOCKS = YES;
				GCC_OPTIMIZATION_LEVEL = 0;
				GCC_PREPROCESSOR_DEFINITIONS = (
					"DEBUG=1",
					"$(inherited)",
				);
				GCC_WARN_64_TO_32_BIT_CONVERSION = YES;
				GCC_WARN_ABOUT_RETURN_TYPE = YES_ERROR;
				GCC_WARN_UNDECLARED_SELECTOR = YES;
				GCC_WARN_UNINITIALIZED_AUTOS = YES_AGGRESSIVE;
				GCC_WARN_UNUSED_FUNCTION = YES;
				GCC_WARN_UNUSED_VARIABLE = YES;
				IPHONEOS_DEPLOYMENT_TARGET = 12.2;
				MTL_ENABLE_DEBUG_INFO = INCLUDE_SOURCE;
				MTL_FAST_MATH = YES;
				ONLY_ACTIVE_ARCH = YES;
				SDKROOT = iphoneos;
				SWIFT_ACTIVE_COMPILATION_CONDITIONS = DEBUG;
				SWIFT_OPTIMIZATION_LEVEL = "-Onone";
			};
			name = Debug;
		};
		19DDE5D673912959C93FCE43 /* Release */ = {
			isa = XCBuildConfiguration;
			buildSettings = {
				ALWAYS_SEARCH_USER_PATHS = NO;
				CLANG_ANALYZER_NONNULL = YES;
				CLANG_ANALYZER_NUMBER_OBJECT_CONVERSION = YES_AGGRESSIVE;
				CLANG_CXX_LANGUAGE_STANDARD = "gnu++14";
				CLANG_CXX_LIBRARY = "libc++";
				CLANG_ENABLE_MODULES = YES;
				CLANG_ENABLE_OBJC_ARC = YES;
				CLANG_ENABLE_OBJC_WEAK = YES;
				CLANG_WARN_BLOCK_CAPTURE_AUTORELEASING = YES;
				CLANG_WARN_BOOL_CONVERSION = YES;
				CLANG_WARN_COMMA = YES;
				CLANG_WARN_CONSTANT_CONVERSION = YES;
				CLANG_WARN_DEPRECATED_OBJC_IMPLEMENTATIONS = YES;
				CLANG_WARN_DIRECT_OBJC_ISA_USAGE = YES_ERROR;
				CLANG_WARN_DOCUMENTATION_COMMENTS = YES;
				CLANG_WARN_EMPTY_BODY = YES;
				CLANG_WARN_ENUM_CONVERSION = YES;
				CLANG_WARN_INFINITE_RECURSION = YES;
				CLANG_WARN_INT_CONVERSION = YES;
				CLANG_WARN_NON_LITERAL_NULL_CONVERSION = YES;
				CLANG_WARN_OBJC_IMPLICIT_RETAIN_SELF = YES;
				CLANG_WARN_OBJC_LITERAL_CONVERSION = YES;
				CLANG_WARN_OBJC_ROOT_CLASS = YES_ERROR;
				CLANG_WARN_RANGE_LOOP_ANALYSIS = YES;
				CLANG_WARN_STRICT_PROTOTYPES = YES;
				CLANG_WARN_SUSPICIOUS_MOVE = YES;
				CLANG_WARN_UNGUARDED_AVAILABILITY = YES_AGGRESSIVE;
				CLANG_WARN_UNREACHABLE_CODE = YES;
				CLANG_WARN__DUPLICATE_METHOD_MATCH = YES;
				CODE_SIGN_IDENTITY = "iPhone Developer";
				COPY_PHASE_STRIP = NO;
				DEBUG_INFORMATION_FORMAT = "dwarf-with-dsym";
				ENABLE_NS_ASSERTIONS = NO;
				ENABLE_STRICT_OBJC_MSGSEND = YES;
				GCC_C_LANGUAGE_STANDARD = gnu11;
				GCC_NO_COMMON_BLOCKS = YES;
				GCC_WARN_64_TO_32_BIT_CONVERSION = YES;
				GCC_WARN_ABOUT_RETURN_TYPE = YES_ERROR;
				GCC_WARN_UNDECLARED_SELECTOR = YES;
				GCC_WARN_UNINITIALIZED_AUTOS = YES_AGGRESSIVE;
				GCC_WARN_UNUSED_FUNCTION = YES;
				GCC_WARN_UNUSED_VARIABLE = YES;
				IPHONEOS_DEPLOYMENT_TARGET = 12.2;
				MTL_ENABLE_DEBUG_INFO = NO;
				MTL_FAST_MATH = YES;
				SDKROOT = iphoneos;
				SWIFT_OPTIMIZATION_LEVEL = "-Owholemodule";
				VALIDATE_PRODUCT = YES;
			};
			name = Release;
		};
		19DDE6E237769B7AD58AAE80 /* Debug */ = {
			isa = XCBuildConfiguration;
			baseConfigurationReference = 279349F252B8E44D6CDC8CD2 /* Pods-CocoaPods-Test.debug.xcconfig */;
			buildSettings = {
				ASSETCATALOG_COMPILER_APPICON_NAME = AppIcon;
				INFOPLIST_FILE = "CocoaPods-Test/Info.plist";
				LD_RUNPATH_SEARCH_PATHS = "$(inherited) @executable_path/Frameworks";
				PRODUCT_BUNDLE_IDENTIFIER = "com.kat8n.CocoaPods-Test";
				PRODUCT_NAME = "$(TARGET_NAME)";
				SWIFT_VERSION = 5.0;
				TARGETED_DEVICE_FAMILY = "1,2";
			};
			name = Debug;
		};
/* End XCBuildConfiguration section */

/* Begin XCConfigurationList section */
		19DDE72E9688886C23B5B7EF /* Build configuration list for PBXProject "CocoaPods-Test" */ = {
			isa = XCConfigurationList;
			buildConfigurations = (
				19DDE4E8640731D85D3D50AA /* Debug */,
				19DDE5D673912959C93FCE43 /* Release */,
			);
			defaultConfigurationIsVisible = 0;
			defaultConfigurationName = Release;
		};
		19DDE9BBBB562706ECCFAF9A /* Build configuration list for PBXNativeTarget "CocoaPods-Test" */ = {
			isa = XCConfigurationList;
			buildConfigurations = (
				19DDE6E237769B7AD58AAE80 /* Debug */,
				19DDE33F4245CBE39C38A08F /* Release */,
			);
			defaultConfigurationIsVisible = 0;
			defaultConfigurationName = Release;
		};
/* End XCConfigurationList section */
	};
	rootObject = 19DDE887D7BECB2693B7B557 /* Project object */;
}
