<?xml version="1.0" encoding="UTF-8"?>
<Scheme
   version = "1.3">
   <BuildAction>
      <BuildActionEntries>
         <BuildActionEntry
            buildForRunning = "YES">
            <BuildableReference
               BuildableIdentifier = "primary"
               BlueprintIdentifier = "19DDEFBD174D0D9605533081"
               BuildableName = "AutoLayoutExample.app"
               BlueprintName = "AutoLayoutExample"
               ReferencedContainer = "container:AutoLayoutExample.xcodeproj">
            </BuildableReference>
         </BuildActionEntry>
      </BuildActionEntries>
   </BuildAction>
   <LaunchAction
      useCustomWorkingDirectory = "NO"
      buildConfiguration = "Debug"
      allowLocationSimulation = "YES">
      <BuildableProductRunnable>
         <BuildableReference
            BuildableIdentifier = "primary"
            BlueprintIdentifier = "19DDEFBD174D0D9605533081"
            BuildableName = "AutoLayoutExample.app"
            BlueprintName = "AutoLayoutExample"
            ReferencedContainer = "container:AutoLayoutExample.xcodeproj">
         </BuildableReference>
      </BuildableProductRunnable>
   </LaunchAction>
</Scheme>
