PODS:
  - ScrollableGraphView (4.0.6)

DEPENDENCIES:
  - ScrollableGraphView

SPEC REPOS:
  https://github.com/cocoapods/specs.git:
    - ScrollableGraphView

SPEC CHECKSUMS:
  ScrollableGraphView: 4af35d4ea9ecdec665d34a74da51da161ddff8ac

PODFILE CHECKSUM: 5df01c7c72dfddae63107948c0a9deaf0a7dd590

COCOAPODS: 1.6.1
