<?xml version="1.0" encoding="UTF-8"?>
<Scheme
   version = "1.3">
   <BuildAction>
      <BuildActionEntries>
         <BuildActionEntry
            buildForRunning = "YES">
            <BuildableReference
               BuildableIdentifier = "primary"
               BlueprintIdentifier = "19DDE2D2FDA8D36B4FA88E2E"
               BuildableName = "Lesson3-6.app"
               BlueprintName = "Lesson3-6"
               ReferencedContainer = "container:Lesson3-6.xcodeproj">
            </BuildableReference>
         </BuildActionEntry>
      </BuildActionEntries>
   </BuildAction>
   <LaunchAction
      useCustomWorkingDirectory = "NO"
      buildConfiguration = "Debug"
      allowLocationSimulation = "YES">
      <BuildableProductRunnable>
         <BuildableReference
            BuildableIdentifier = "primary"
            BlueprintIdentifier = "19DDE2D2FDA8D36B4FA88E2E"
            BuildableName = "Lesson3-6.app"
            BlueprintName = "Lesson3-6"
            ReferencedContainer = "container:Lesson3-6.xcodeproj">
         </BuildableReference>
      </BuildableProductRunnable>
   </LaunchAction>
</Scheme>
