// !$*UTF8*$!
{
	archiveVersion = 1;
	classes = {
	};
	objectVersion = 46;
	objects = {

/* Begin PBXBuildFile section */
		19DDE0632DB0B221CC335F11 /* LaunchScreen.storyboard in Resources */ = {isa = PBXBuildFile; fileRef = 19DDEC7CBAAB420C149C32F0 /* LaunchScreen.storyboard */; };
		19DDE4FD2B2F906DB371DE67 /* BlackViewController.swift in Sources */ = {isa = PBXBuildFile; fileRef = 19DDEF271AE4A6A5EAF498DE /* BlackViewController.swift */; };
		19DDECAF17C5B7C32EDA69BD /* WhiteViewController.swift in Sources */ = {isa = PBXBuildFile; fileRef = 19DDE539994435825E69BA0A /* WhiteViewController.swift */; };
		19DDEDD60EF22540D941AB3D /* Main.storyboard in Resources */ = {isa = PBXBuildFile; fileRef = 19DDEA5799DD8E2C5E03C961 /* Main.storyboard */; };
		19DDEEC2145A8E451C4C3FBF /* Assets.xcassets in Resources */ = {isa = PBXBuildFile; fileRef = 19DDE0EF6BF9EA21B88A89E7 /* Assets.xcassets */; };
		19DDEFC75BA3442832CB6219 /* AppDelegate.swift in Sources */ = {isa = PBXBuildFile; fileRef = 19DDE7B9739F1EA322867717 /* AppDelegate.swift */; };
/* End PBXBuildFile section */

/* Begin PBXFileReference section */
		19DDE096D3E2FA1594F0F440 /* Base */ = {isa = PBXFileReference; lastKnownFileType = file.storyboard; name = Base; path = Base.lproj/Main.storyboard; sourceTree = "<group>"; };
		19DDE0EF6BF9EA21B88A89E7 /* Assets.xcassets */ = {isa = PBXFileReference; lastKnownFileType = folder.assetcatalog; path = Assets.xcassets; sourceTree = "<group>"; };
		19DDE40D9F9E9D7918237433 /* Base */ = {isa = PBXFileReference; lastKnownFileType = file.storyboard; name = Base; path = Base.lproj/LaunchScreen.storyboard; sourceTree = "<group>"; };
		19DDE539994435825E69BA0A /* WhiteViewController.swift */ = {isa = PBXFileReference; lastKnownFileType = sourcecode.swift; path = WhiteViewController.swift; sourceTree = "<group>"; };
		19DDE7B9739F1EA322867717 /* AppDelegate.swift */ = {isa = PBXFileReference; lastKnownFileType = sourcecode.swift; path = AppDelegate.swift; sourceTree = "<group>"; };
		19DDEC7BCF72EFD57D2ABA95 /* Info.plist */ = {isa = PBXFileReference; lastKnownFileType = text.plist.info; path = Info.plist; sourceTree = "<group>"; };
		19DDEE7916A8810B74A289C1 /* MultipleMVC.app */ = {isa = PBXFileReference; explicitFileType = wrapper.application; includeInIndex = 0; path = MultipleMVC.app; sourceTree = BUILT_PRODUCTS_DIR; };
		19DDEF271AE4A6A5EAF498DE /* BlackViewController.swift */ = {isa = PBXFileReference; fileEncoding = 4; lastKnownFileType = sourcecode.swift; path = BlackViewController.swift; sourceTree = "<group>"; };
/* End PBXFileReference section */

/* Begin PBXFrameworksBuildPhase section */
		19DDE9E05B888374240DFD96 /* Frameworks */ = {
			isa = PBXFrameworksBuildPhase;
			buildActionMask = 2147483647;
			files = (
			);
			runOnlyForDeploymentPostprocessing = 0;
		};
/* End PBXFrameworksBuildPhase section */

/* Begin PBXGroup section */
		19DDE00D3712B11E25D0074C = {
			isa = PBXGroup;
			children = (
				19DDEBCF3040887E245245EB /* Products */,
				19DDEB16DAC6BD94BB991766 /* MultipleMVC */,
			);
			sourceTree = "<group>";
		};
		19DDEB16DAC6BD94BB991766 /* MultipleMVC */ = {
			isa = PBXGroup;
			children = (
				19DDEC7BCF72EFD57D2ABA95 /* Info.plist */,
				19DDE0EF6BF9EA21B88A89E7 /* Assets.xcassets */,
				19DDEC7CBAAB420C149C32F0 /* LaunchScreen.storyboard */,
				19DDE7B9739F1EA322867717 /* AppDelegate.swift */,
				19DDEA5799DD8E2C5E03C961 /* Main.storyboard */,
				19DDE539994435825E69BA0A /* WhiteViewController.swift */,
				19DDEF271AE4A6A5EAF498DE /* BlackViewController.swift */,
			);
			path = MultipleMVC;
			sourceTree = "<group>";
		};
		19DDEBCF3040887E245245EB /* Products */ = {
			isa = PBXGroup;
			children = (
				19DDEE7916A8810B74A289C1 /* MultipleMVC.app */,
			);
			name = Products;
			sourceTree = "<group>";
		};
/* End PBXGroup section */

/* Begin PBXNativeTarget section */
		19DDE21C9D2650388FE8CE34 /* MultipleMVC */ = {
			isa = PBXNativeTarget;
			buildConfigurationList = 19DDEAEC43948BA5739F6A3F /* Build configuration list for PBXNativeTarget "MultipleMVC" */;
			buildPhases = (
				19DDED50DFFA214B41C9B542 /* Sources */,
				19DDE9E05B888374240DFD96 /* Frameworks */,
				19DDEE1361D2E1E66ED92C1D /* Resources */,
			);
			buildRules = (
			);
			dependencies = (
			);
			name = MultipleMVC;
			productName = MultipleMVC;
			productReference = 19DDEE7916A8810B74A289C1 /* MultipleMVC.app */;
			productType = "com.apple.product-type.application";
		};
/* End PBXNativeTarget section */

/* Begin PBXProject section */
		19DDEEAC5223E45B5B034D44 /* Project object */ = {
			isa = PBXProject;
			attributes = {
				ORGANIZATIONNAME = kat8n;
			};
			buildConfigurationList = 19DDECBE2EEFE01D77EEF675 /* Build configuration list for PBXProject "MultipleMVC" */;
			compatibilityVersion = "Xcode 3.2";
			developmentRegion = English;
			hasScannedForEncodings = 0;
			knownRegions = (
				English,
				en,
				Base,
			);
			mainGroup = 19DDE00D3712B11E25D0074C;
			productRefGroup = 19DDEBCF3040887E245245EB /* Products */;
			projectDirPath = "";
			projectRoot = "";
			targets = (
				19DDE21C9D2650388FE8CE34 /* MultipleMVC */,
			);
		};
/* End PBXProject section */

/* Begin PBXResourcesBuildPhase section */
		19DDEE1361D2E1E66ED92C1D /* Resources */ = {
			isa = PBXResourcesBuildPhase;
			buildActionMask = 2147483647;
			files = (
				19DDEEC2145A8E451C4C3FBF /* Assets.xcassets in Resources */,
				19DDE0632DB0B221CC335F11 /* LaunchScreen.storyboard in Resources */,
				19DDEDD60EF22540D941AB3D /* Main.storyboard in Resources */,
			);
			runOnlyForDeploymentPostprocessing = 0;
		};
/* End PBXResourcesBuildPhase section */

/* Begin PBXSourcesBuildPhase section */
		19DDED50DFFA214B41C9B542 /* Sources */ = {
			isa = PBXSourcesBuildPhase;
			buildActionMask = 2147483647;
			files = (
				19DDEFC75BA3442832CB6219 /* AppDelegate.swift in Sources */,
				19DDECAF17C5B7C32EDA69BD /* WhiteViewController.swift in Sources */,
				19DDE4FD2B2F906DB371DE67 /* BlackViewController.swift in Sources */,
			);
			runOnlyForDeploymentPostprocessing = 0;
		};
/* End PBXSourcesBuildPhase section */

/* Begin PBXVariantGroup section */
		19DDEA5799DD8E2C5E03C961 /* Main.storyboard */ = {
			isa = PBXVariantGroup;
			children = (
				19DDE096D3E2FA1594F0F440 /* Base */,
			);
			name = Main.storyboard;
			sourceTree = "<group>";
		};
		19DDEC7CBAAB420C149C32F0 /* LaunchScreen.storyboard */ = {
			isa = PBXVariantGroup;
			children = (
				19DDE40D9F9E9D7918237433 /* Base */,
			);
			name = LaunchScreen.storyboard;
			sourceTree = "<group>";
		};
/* End PBXVariantGroup section */

/* Begin XCBuildConfiguration section */
		19DDE4E557B24B08773ED371 /* Debug */ = {
			isa = XCBuildConfiguration;
			buildSettings = {
				ALWAYS_SEARCH_USER_PATHS = NO;
				CLANG_ANALYZER_NONNULL = YES;
				CLANG_ANALYZER_NUMBER_OBJECT_CONVERSION = YES_AGGRESSIVE;
				CLANG_CXX_LANGUAGE_STANDARD = "gnu++14";
				CLANG_CXX_LIBRARY = "libc++";
				CLANG_ENABLE_MODULES = YES;
				CLANG_ENABLE_OBJC_ARC = YES;
				CLANG_ENABLE_OBJC_WEAK = YES;
				CLANG_WARN_BLOCK_CAPTURE_AUTORELEASING = YES;
				CLANG_WARN_BOOL_CONVERSION = YES;
				CLANG_WARN_COMMA = YES;
				CLANG_WARN_CONSTANT_CONVERSION = YES;
				CLANG_WARN_DEPRECATED_OBJC_IMPLEMENTATIONS = YES;
				CLANG_WARN_DIRECT_OBJC_ISA_USAGE = YES_ERROR;
				CLANG_WARN_DOCUMENTATION_COMMENTS = YES;
				CLANG_WARN_EMPTY_BODY = YES;
				CLANG_WARN_ENUM_CONVERSION = YES;
				CLANG_WARN_INFINITE_RECURSION = YES;
				CLANG_WARN_INT_CONVERSION = YES;
				CLANG_WARN_NON_LITERAL_NULL_CONVERSION = YES;
				CLANG_WARN_OBJC_IMPLICIT_RETAIN_SELF = YES;
				CLANG_WARN_OBJC_LITERAL_CONVERSION = YES;
				CLANG_WARN_OBJC_ROOT_CLASS = YES_ERROR;
				CLANG_WARN_RANGE_LOOP_ANALYSIS = YES;
				CLANG_WARN_STRICT_PROTOTYPES = YES;
				CLANG_WARN_SUSPICIOUS_MOVE = YES;
				CLANG_WARN_UNGUARDED_AVAILABILITY = YES_AGGRESSIVE;
				CLANG_WARN_UNREACHABLE_CODE = YES;
				CLANG_WARN__DUPLICATE_METHOD_MATCH = YES;
				CODE_SIGN_IDENTITY = "iPhone Developer";
				COPY_PHASE_STRIP = NO;
				DEBUG_INFORMATION_FORMAT = dwarf;
				ENABLE_STRICT_OBJC_MSGSEND = YES;
				ENABLE_TESTABILITY = YES;
				GCC_C_LANGUAGE_STANDARD = gnu11;
				GCC_DYNAMIC_NO_PIC = NO;
				GCC_NO_COMMON_BLOCKS = YES;
				GCC_OPTIMIZATION_LEVEL = 0;
				GCC_PREPROCESSOR_DEFINITIONS = (
					"DEBUG=1",
					"$(inherited)",
				);
				GCC_WARN_64_TO_32_BIT_CONVERSION = YES;
				GCC_WARN_ABOUT_RETURN_TYPE = YES_ERROR;
				GCC_WARN_UNDECLARED_SELECTOR = YES;
				GCC_WARN_UNINITIALIZED_AUTOS = YES_AGGRESSIVE;
				GCC_WARN_UNUSED_FUNCTION = YES;
				GCC_WARN_UNUSED_VARIABLE = YES;
				IPHONEOS_DEPLOYMENT_TARGET = 12.2;
				MTL_ENABLE_DEBUG_INFO = INCLUDE_SOURCE;
				MTL_FAST_MATH = YES;
				ONLY_ACTIVE_ARCH = YES;
				SDKROOT = iphoneos;
				SWIFT_ACTIVE_COMPILATION_CONDITIONS = DEBUG;
				SWIFT_OPTIMIZATION_LEVEL = "-Onone";
			};
			name = Debug;
		};
		19DDE92A34EF29EBB7D934BE /* Release */ = {
			isa = XCBuildConfiguration;
			buildSettings = {
				ASSETCATALOG_COMPILER_APPICON_NAME = AppIcon;
				INFOPLIST_FILE = MultipleMVC/Info.plist;
				LD_RUNPATH_SEARCH_PATHS = "$(inherited) @executable_path/Frameworks";
				PRODUCT_BUNDLE_IDENTIFIER = com.kat8n.MultipleMVC;
				PRODUCT_NAME = "$(TARGET_NAME)";
				SWIFT_VERSION = 5.0;
				TARGETED_DEVICE_FAMILY = "1,2";
			};
			name = Release;
		};
		19DDEA04883EF0548A3315E7 /* Release */ = {
			isa = XCBuildConfiguration;
			buildSettings = {
				ALWAYS_SEARCH_USER_PATHS = NO;
				CLANG_ANALYZER_NONNULL = YES;
				CLANG_ANALYZER_NUMBER_OBJECT_CONVERSION = YES_AGGRESSIVE;
				CLANG_CXX_LANGUAGE_STANDARD = "gnu++14";
				CLANG_CXX_LIBRARY = "libc++";
				CLANG_ENABLE_MODULES = YES;
				CLANG_ENABLE_OBJC_ARC = YES;
				CLANG_ENABLE_OBJC_WEAK = YES;
				CLANG_WARN_BLOCK_CAPTURE_AUTORELEASING = YES;
				CLANG_WARN_BOOL_CONVERSION = YES;
				CLANG_WARN_COMMA = YES;
				CLANG_WARN_CONSTANT_CONVERSION = YES;
				CLANG_WARN_DEPRECATED_OBJC_IMPLEMENTATIONS = YES;
				CLANG_WARN_DIRECT_OBJC_ISA_USAGE = YES_ERROR;
				CLANG_WARN_DOCUMENTATION_COMMENTS = YES;
				CLANG_WARN_EMPTY_BODY = YES;
				CLANG_WARN_ENUM_CONVERSION = YES;
				CLANG_WARN_INFINITE_RECURSION = YES;
				CLANG_WARN_INT_CONVERSION = YES;
				CLANG_WARN_NON_LITERAL_NULL_CONVERSION = YES;
				CLANG_WARN_OBJC_IMPLICIT_RETAIN_SELF = YES;
				CLANG_WARN_OBJC_LITERAL_CONVERSION = YES;
				CLANG_WARN_OBJC_ROOT_CLASS = YES_ERROR;
				CLANG_WARN_RANGE_LOOP_ANALYSIS = YES;
				CLANG_WARN_STRICT_PROTOTYPES = YES;
				CLANG_WARN_SUSPICIOUS_MOVE = YES;
				CLANG_WARN_UNGUARDED_AVAILABILITY = YES_AGGRESSIVE;
				CLANG_WARN_UNREACHABLE_CODE = YES;
				CLANG_WARN__DUPLICATE_METHOD_MATCH = YES;
				CODE_SIGN_IDENTITY = "iPhone Developer";
				COPY_PHASE_STRIP = NO;
				DEBUG_INFORMATION_FORMAT = "dwarf-with-dsym";
				ENABLE_NS_ASSERTIONS = NO;
				ENABLE_STRICT_OBJC_MSGSEND = YES;
				GCC_C_LANGUAGE_STANDARD = gnu11;
				GCC_NO_COMMON_BLOCKS = YES;
				GCC_WARN_64_TO_32_BIT_CONVERSION = YES;
				GCC_WARN_ABOUT_RETURN_TYPE = YES_ERROR;
				GCC_WARN_UNDECLARED_SELECTOR = YES;
				GCC_WARN_UNINITIALIZED_AUTOS = YES_AGGRESSIVE;
				GCC_WARN_UNUSED_FUNCTION = YES;
				GCC_WARN_UNUSED_VARIABLE = YES;
				IPHONEOS_DEPLOYMENT_TARGET = 12.2;
				MTL_ENABLE_DEBUG_INFO = NO;
				MTL_FAST_MATH = YES;
				SDKROOT = iphoneos;
				SWIFT_OPTIMIZATION_LEVEL = "-Owholemodule";
				VALIDATE_PRODUCT = YES;
			};
			name = Release;
		};
		19DDEFC95F7EBF287D40C5DF /* Debug */ = {
			isa = XCBuildConfiguration;
			buildSettings = {
				ASSETCATALOG_COMPILER_APPICON_NAME = AppIcon;
				INFOPLIST_FILE = MultipleMVC/Info.plist;
				LD_RUNPATH_SEARCH_PATHS = "$(inherited) @executable_path/Frameworks";
				PRODUCT_BUNDLE_IDENTIFIER = com.kat8n.MultipleMVC;
				PRODUCT_NAME = "$(TARGET_NAME)";
				SWIFT_VERSION = 5.0;
				TARGETED_DEVICE_FAMILY = "1,2";
			};
			name = Debug;
		};
/* End XCBuildConfiguration section */

/* Begin XCConfigurationList section */
		19DDEAEC43948BA5739F6A3F /* Build configuration list for PBXNativeTarget "MultipleMVC" */ = {
			isa = XCConfigurationList;
			buildConfigurations = (
				19DDEFC95F7EBF287D40C5DF /* Debug */,
				19DDE92A34EF29EBB7D934BE /* Release */,
			);
			defaultConfigurationIsVisible = 0;
			defaultConfigurationName = Release;
		};
		19DDECBE2EEFE01D77EEF675 /* Build configuration list for PBXProject "MultipleMVC" */ = {
			isa = XCConfigurationList;
			buildConfigurations = (
				19DDE4E557B24B08773ED371 /* Debug */,
				19DDEA04883EF0548A3315E7 /* Release */,
			);
			defaultConfigurationIsVisible = 0;
			defaultConfigurationName = Release;
		};
/* End XCConfigurationList section */
	};
	rootObject = 19DDEEAC5223E45B5B034D44 /* Project object */;
}
