PODS:
  - ScrollableGraphView (4.0.6)

DEPENDENCIES:
  - ScrollableGraphView

SPEC REPOS:
  https://github.com/cocoapods/specs.git:
    - ScrollableGraphView

SPEC CHECKSUMS:
  ScrollableGraphView: 4af35d4ea9ecdec665d34a74da51da161ddff8ac

PODFILE CHECKSUM: 88156d6f1ea570094e81a59733bc19f4b4a0fa0b

COCOAPODS: 1.6.1
