// !$*UTF8*$!
{
	archiveVersion = 1;
	classes = {
	};
	objectVersion = 46;
	objects = {

/* Begin PBXBuildFile section */
		19DDE24A438E4EB555376538 /* MainViewController.swift in Sources */ = {isa = PBXBuildFile; fileRef = 19DDE3AC49AE81C31CED6E14 /* MainViewController.swift */; };
		19DDE3A8A4EB8658FAAFE52E /* LaunchScreen.storyboard in Resources */ = {isa = PBXBuildFile; fileRef = 19DDE043617F93E7209E13A8 /* LaunchScreen.storyboard */; };
		19DDE41081A5C4838140D065 /* Assets.xcassets in Resources */ = {isa = PBXBuildFile; fileRef = 19DDE526DC79DCF351F6DE72 /* Assets.xcassets */; };
		19DDE6849571E832C658286F /* Main.storyboard in Resources */ = {isa = PBXBuildFile; fileRef = 19DDEB44CD9ABBF928C60332 /* Main.storyboard */; };
		19DDE6BEB0F441AB8A55DC3E /* AppDelegate.swift in Sources */ = {isa = PBXBuildFile; fileRef = 19DDEB94B2BBC139869AD86C /* AppDelegate.swift */; };
		19DDE8A63F6C6173944427FB /* ViewController.swift in Sources */ = {isa = PBXBuildFile; fileRef = 19DDE3CD5EDFA711080413AF /* ViewController.swift */; };
		19DDE931520D31FA9255D5D7 /* MainView.swift in Sources */ = {isa = PBXBuildFile; fileRef = 19DDEEAF9A2E65D0075B8AEE /* MainView.swift */; };
		19DDEEFE0633C32AB252E918 /* MainViewModel.swift in Sources */ = {isa = PBXBuildFile; fileRef = 19DDE1E1C3883CD3D766975B /* MainViewModel.swift */; };
/* End PBXBuildFile section */

/* Begin PBXFileReference section */
		19DDE1E1C3883CD3D766975B /* MainViewModel.swift */ = {isa = PBXFileReference; fileEncoding = 4; lastKnownFileType = sourcecode.swift; path = MainViewModel.swift; sourceTree = "<group>"; };
		19DDE3AC49AE81C31CED6E14 /* MainViewController.swift */ = {isa = PBXFileReference; fileEncoding = 4; lastKnownFileType = sourcecode.swift; path = MainViewController.swift; sourceTree = "<group>"; };
		19DDE3CD5EDFA711080413AF /* ViewController.swift */ = {isa = PBXFileReference; lastKnownFileType = sourcecode.swift; path = ViewController.swift; sourceTree = "<group>"; };
		19DDE4B51FFD897047E7CE70 /* Base */ = {isa = PBXFileReference; lastKnownFileType = file.storyboard; name = Base; path = Base.lproj/LaunchScreen.storyboard; sourceTree = "<group>"; };
		19DDE526DC79DCF351F6DE72 /* Assets.xcassets */ = {isa = PBXFileReference; lastKnownFileType = folder.assetcatalog; path = Assets.xcassets; sourceTree = "<group>"; };
		19DDE59E8FE6B78343F4CC43 /* Assignment5.app */ = {isa = PBXFileReference; explicitFileType = wrapper.application; includeInIndex = 0; path = Assignment5.app; sourceTree = BUILT_PRODUCTS_DIR; };
		19DDEA03AA26DB78540493E0 /* Info.plist */ = {isa = PBXFileReference; lastKnownFileType = text.plist.info; path = Info.plist; sourceTree = "<group>"; };
		19DDEA2561222EC0E45DD1C4 /* Base */ = {isa = PBXFileReference; lastKnownFileType = file.storyboard; name = Base; path = Base.lproj/Main.storyboard; sourceTree = "<group>"; };
		19DDEB94B2BBC139869AD86C /* AppDelegate.swift */ = {isa = PBXFileReference; lastKnownFileType = sourcecode.swift; path = AppDelegate.swift; sourceTree = "<group>"; };
		19DDEEAF9A2E65D0075B8AEE /* MainView.swift */ = {isa = PBXFileReference; fileEncoding = 4; lastKnownFileType = sourcecode.swift; path = MainView.swift; sourceTree = "<group>"; };
/* End PBXFileReference section */

/* Begin PBXFrameworksBuildPhase section */
		19DDEFB6E14B2E3E27F1C02D /* Frameworks */ = {
			isa = PBXFrameworksBuildPhase;
			buildActionMask = 2147483647;
			files = (
			);
			runOnlyForDeploymentPostprocessing = 0;
		};
/* End PBXFrameworksBuildPhase section */

/* Begin PBXGroup section */
		19DDE47D6217444C29A9A9AE /* Products */ = {
			isa = PBXGroup;
			children = (
				19DDE59E8FE6B78343F4CC43 /* Assignment5.app */,
			);
			name = Products;
			sourceTree = "<group>";
		};
		19DDE6D70CD6F070363DC851 /* Assignment5 */ = {
			isa = PBXGroup;
			children = (
				19DDEA03AA26DB78540493E0 /* Info.plist */,
				19DDE526DC79DCF351F6DE72 /* Assets.xcassets */,
				19DDE043617F93E7209E13A8 /* LaunchScreen.storyboard */,
				19DDEB94B2BBC139869AD86C /* AppDelegate.swift */,
				19DDEB44CD9ABBF928C60332 /* Main.storyboard */,
				19DDE3CD5EDFA711080413AF /* ViewController.swift */,
				19DDE7CD4FDD04FD41033978 /* MainView */,
			);
			path = Assignment5;
			sourceTree = "<group>";
		};
		19DDE77C27F1C25F795D8D1D = {
			isa = PBXGroup;
			children = (
				19DDE47D6217444C29A9A9AE /* Products */,
				19DDE6D70CD6F070363DC851 /* Assignment5 */,
			);
			sourceTree = "<group>";
		};
		19DDE7CD4FDD04FD41033978 /* MainView */ = {
			isa = PBXGroup;
			children = (
				19DDE3AC49AE81C31CED6E14 /* MainViewController.swift */,
				19DDEEAF9A2E65D0075B8AEE /* MainView.swift */,
				19DDE1E1C3883CD3D766975B /* MainViewModel.swift */,
			);
			path = MainView;
			sourceTree = "<group>";
		};
/* End PBXGroup section */

/* Begin PBXNativeTarget section */
		19DDE09A3432FA2541EEDF02 /* Assignment5 */ = {
			isa = PBXNativeTarget;
			buildConfigurationList = 19DDE9889B51825375C948D6 /* Build configuration list for PBXNativeTarget "Assignment5" */;
			buildPhases = (
				19DDE43232BC59DB1D9A3CBE /* Sources */,
				19DDEFB6E14B2E3E27F1C02D /* Frameworks */,
				19DDE81A2BD6D8B82856835A /* Resources */,
			);
			buildRules = (
			);
			dependencies = (
			);
			name = Assignment5;
			productName = Assignment5;
			productReference = 19DDE59E8FE6B78343F4CC43 /* Assignment5.app */;
			productType = "com.apple.product-type.application";
		};
/* End PBXNativeTarget section */

/* Begin PBXProject section */
		19DDEBE3B34ACCFF75A42EE4 /* Project object */ = {
			isa = PBXProject;
			attributes = {
				ORGANIZATIONNAME = kat8n;
			};
			buildConfigurationList = 19DDEF2E20C4417C466338D5 /* Build configuration list for PBXProject "Assignment5" */;
			compatibilityVersion = "Xcode 3.2";
			developmentRegion = English;
			hasScannedForEncodings = 0;
			knownRegions = (
				English,
				en,
				Base,
			);
			mainGroup = 19DDE77C27F1C25F795D8D1D;
			productRefGroup = 19DDE47D6217444C29A9A9AE /* Products */;
			projectDirPath = "";
			projectRoot = "";
			targets = (
				19DDE09A3432FA2541EEDF02 /* Assignment5 */,
			);
		};
/* End PBXProject section */

/* Begin PBXResourcesBuildPhase section */
		19DDE81A2BD6D8B82856835A /* Resources */ = {
			isa = PBXResourcesBuildPhase;
			buildActionMask = 2147483647;
			files = (
				19DDE41081A5C4838140D065 /* Assets.xcassets in Resources */,
				19DDE3A8A4EB8658FAAFE52E /* LaunchScreen.storyboard in Resources */,
				19DDE6849571E832C658286F /* Main.storyboard in Resources */,
			);
			runOnlyForDeploymentPostprocessing = 0;
		};
/* End PBXResourcesBuildPhase section */

/* Begin PBXSourcesBuildPhase section */
		19DDE43232BC59DB1D9A3CBE /* Sources */ = {
			isa = PBXSourcesBuildPhase;
			buildActionMask = 2147483647;
			files = (
				19DDE6BEB0F441AB8A55DC3E /* AppDelegate.swift in Sources */,
				19DDE8A63F6C6173944427FB /* ViewController.swift in Sources */,
				19DDE24A438E4EB555376538 /* MainViewController.swift in Sources */,
				19DDE931520D31FA9255D5D7 /* MainView.swift in Sources */,
				19DDEEFE0633C32AB252E918 /* MainViewModel.swift in Sources */,
			);
			runOnlyForDeploymentPostprocessing = 0;
		};
/* End PBXSourcesBuildPhase section */

/* Begin PBXVariantGroup section */
		19DDE043617F93E7209E13A8 /* LaunchScreen.storyboard */ = {
			isa = PBXVariantGroup;
			children = (
				19DDE4B51FFD897047E7CE70 /* Base */,
			);
			name = LaunchScreen.storyboard;
			sourceTree = "<group>";
		};
		19DDEB44CD9ABBF928C60332 /* Main.storyboard */ = {
			isa = PBXVariantGroup;
			children = (
				19DDEA2561222EC0E45DD1C4 /* Base */,
			);
			name = Main.storyboard;
			sourceTree = "<group>";
		};
/* End PBXVariantGroup section */

/* Begin XCBuildConfiguration section */
		19DDE6ABB257BE33287EF3F4 /* Debug */ = {
			isa = XCBuildConfiguration;
			buildSettings = {
				ASSETCATALOG_COMPILER_APPICON_NAME = AppIcon;
				INFOPLIST_FILE = Assignment5/Info.plist;
				LD_RUNPATH_SEARCH_PATHS = "$(inherited) @executable_path/Frameworks";
				PRODUCT_BUNDLE_IDENTIFIER = com.kat8n.Assignment5;
				PRODUCT_NAME = "$(TARGET_NAME)";
				SWIFT_VERSION = 5.0;
				TARGETED_DEVICE_FAMILY = "1,2";
			};
			name = Debug;
		};
		19DDEB65EF489C0BE67EAEBA /* Release */ = {
			isa = XCBuildConfiguration;
			buildSettings = {
				ASSETCATALOG_COMPILER_APPICON_NAME = AppIcon;
				INFOPLIST_FILE = Assignment5/Info.plist;
				LD_RUNPATH_SEARCH_PATHS = "$(inherited) @executable_path/Frameworks";
				PRODUCT_BUNDLE_IDENTIFIER = com.kat8n.Assignment5;
				PRODUCT_NAME = "$(TARGET_NAME)";
				SWIFT_VERSION = 5.0;
				TARGETED_DEVICE_FAMILY = "1,2";
			};
			name = Release;
		};
		19DDED9657DA5DB44DB24DDA /* Release */ = {
			isa = XCBuildConfiguration;
			buildSettings = {
				ALWAYS_SEARCH_USER_PATHS = NO;
				CLANG_ANALYZER_NONNULL = YES;
				CLANG_ANALYZER_NUMBER_OBJECT_CONVERSION = YES_AGGRESSIVE;
				CLANG_CXX_LANGUAGE_STANDARD = "gnu++14";
				CLANG_CXX_LIBRARY = "libc++";
				CLANG_ENABLE_MODULES = YES;
				CLANG_ENABLE_OBJC_ARC = YES;
				CLANG_ENABLE_OBJC_WEAK = YES;
				CLANG_WARN_BLOCK_CAPTURE_AUTORELEASING = YES;
				CLANG_WARN_BOOL_CONVERSION = YES;
				CLANG_WARN_COMMA = YES;
				CLANG_WARN_CONSTANT_CONVERSION = YES;
				CLANG_WARN_DEPRECATED_OBJC_IMPLEMENTATIONS = YES;
				CLANG_WARN_DIRECT_OBJC_ISA_USAGE = YES_ERROR;
				CLANG_WARN_DOCUMENTATION_COMMENTS = YES;
				CLANG_WARN_EMPTY_BODY = YES;
				CLANG_WARN_ENUM_CONVERSION = YES;
				CLANG_WARN_INFINITE_RECURSION = YES;
				CLANG_WARN_INT_CONVERSION = YES;
				CLANG_WARN_NON_LITERAL_NULL_CONVERSION = YES;
				CLANG_WARN_OBJC_IMPLICIT_RETAIN_SELF = YES;
				CLANG_WARN_OBJC_LITERAL_CONVERSION = YES;
				CLANG_WARN_OBJC_ROOT_CLASS = YES_ERROR;
				CLANG_WARN_RANGE_LOOP_ANALYSIS = YES;
				CLANG_WARN_STRICT_PROTOTYPES = YES;
				CLANG_WARN_SUSPICIOUS_MOVE = YES;
				CLANG_WARN_UNGUARDED_AVAILABILITY = YES_AGGRESSIVE;
				CLANG_WARN_UNREACHABLE_CODE = YES;
				CLANG_WARN__DUPLICATE_METHOD_MATCH = YES;
				CODE_SIGN_IDENTITY = "iPhone Developer";
				COPY_PHASE_STRIP = NO;
				DEBUG_INFORMATION_FORMAT = "dwarf-with-dsym";
				ENABLE_NS_ASSERTIONS = NO;
				ENABLE_STRICT_OBJC_MSGSEND = YES;
				GCC_C_LANGUAGE_STANDARD = gnu11;
				GCC_NO_COMMON_BLOCKS = YES;
				GCC_WARN_64_TO_32_BIT_CONVERSION = YES;
				GCC_WARN_ABOUT_RETURN_TYPE = YES_ERROR;
				GCC_WARN_UNDECLARED_SELECTOR = YES;
				GCC_WARN_UNINITIALIZED_AUTOS = YES_AGGRESSIVE;
				GCC_WARN_UNUSED_FUNCTION = YES;
				GCC_WARN_UNUSED_VARIABLE = YES;
				IPHONEOS_DEPLOYMENT_TARGET = 12.2;
				MTL_ENABLE_DEBUG_INFO = NO;
				MTL_FAST_MATH = YES;
				SDKROOT = iphoneos;
				SWIFT_OPTIMIZATION_LEVEL = "-Owholemodule";
				VALIDATE_PRODUCT = YES;
			};
			name = Release;
		};
		19DDEDBE40971A19C5149D3E /* Debug */ = {
			isa = XCBuildConfiguration;
			buildSettings = {
				ALWAYS_SEARCH_USER_PATHS = NO;
				CLANG_ANALYZER_NONNULL = YES;
				CLANG_ANALYZER_NUMBER_OBJECT_CONVERSION = YES_AGGRESSIVE;
				CLANG_CXX_LANGUAGE_STANDARD = "gnu++14";
				CLANG_CXX_LIBRARY = "libc++";
				CLANG_ENABLE_MODULES = YES;
				CLANG_ENABLE_OBJC_ARC = YES;
				CLANG_ENABLE_OBJC_WEAK = YES;
				CLANG_WARN_BLOCK_CAPTURE_AUTORELEASING = YES;
				CLANG_WARN_BOOL_CONVERSION = YES;
				CLANG_WARN_COMMA = YES;
				CLANG_WARN_CONSTANT_CONVERSION = YES;
				CLANG_WARN_DEPRECATED_OBJC_IMPLEMENTATIONS = YES;
				CLANG_WARN_DIRECT_OBJC_ISA_USAGE = YES_ERROR;
				CLANG_WARN_DOCUMENTATION_COMMENTS = YES;
				CLANG_WARN_EMPTY_BODY = YES;
				CLANG_WARN_ENUM_CONVERSION = YES;
				CLANG_WARN_INFINITE_RECURSION = YES;
				CLANG_WARN_INT_CONVERSION = YES;
				CLANG_WARN_NON_LITERAL_NULL_CONVERSION = YES;
				CLANG_WARN_OBJC_IMPLICIT_RETAIN_SELF = YES;
				CLANG_WARN_OBJC_LITERAL_CONVERSION = YES;
				CLANG_WARN_OBJC_ROOT_CLASS = YES_ERROR;
				CLANG_WARN_RANGE_LOOP_ANALYSIS = YES;
				CLANG_WARN_STRICT_PROTOTYPES = YES;
				CLANG_WARN_SUSPICIOUS_MOVE = YES;
				CLANG_WARN_UNGUARDED_AVAILABILITY = YES_AGGRESSIVE;
				CLANG_WARN_UNREACHABLE_CODE = YES;
				CLANG_WARN__DUPLICATE_METHOD_MATCH = YES;
				CODE_SIGN_IDENTITY = "iPhone Developer";
				COPY_PHASE_STRIP = NO;
				DEBUG_INFORMATION_FORMAT = dwarf;
				ENABLE_STRICT_OBJC_MSGSEND = YES;
				ENABLE_TESTABILITY = YES;
				GCC_C_LANGUAGE_STANDARD = gnu11;
				GCC_DYNAMIC_NO_PIC = NO;
				GCC_NO_COMMON_BLOCKS = YES;
				GCC_OPTIMIZATION_LEVEL = 0;
				GCC_PREPROCESSOR_DEFINITIONS = (
					"DEBUG=1",
					"$(inherited)",
				);
				GCC_WARN_64_TO_32_BIT_CONVERSION = YES;
				GCC_WARN_ABOUT_RETURN_TYPE = YES_ERROR;
				GCC_WARN_UNDECLARED_SELECTOR = YES;
				GCC_WARN_UNINITIALIZED_AUTOS = YES_AGGRESSIVE;
				GCC_WARN_UNUSED_FUNCTION = YES;
				GCC_WARN_UNUSED_VARIABLE = YES;
				IPHONEOS_DEPLOYMENT_TARGET = 12.2;
				MTL_ENABLE_DEBUG_INFO = INCLUDE_SOURCE;
				MTL_FAST_MATH = YES;
				ONLY_ACTIVE_ARCH = YES;
				SDKROOT = iphoneos;
				SWIFT_ACTIVE_COMPILATION_CONDITIONS = DEBUG;
				SWIFT_OPTIMIZATION_LEVEL = "-Onone";
			};
			name = Debug;
		};
/* End XCBuildConfiguration section */

/* Begin XCConfigurationList section */
		19DDE9889B51825375C948D6 /* Build configuration list for PBXNativeTarget "Assignment5" */ = {
			isa = XCConfigurationList;
			buildConfigurations = (
				19DDE6ABB257BE33287EF3F4 /* Debug */,
				19DDEB65EF489C0BE67EAEBA /* Release */,
			);
			defaultConfigurationIsVisible = 0;
			defaultConfigurationName = Release;
		};
		19DDEF2E20C4417C466338D5 /* Build configuration list for PBXProject "Assignment5" */ = {
			isa = XCConfigurationList;
			buildConfigurations = (
				19DDEDBE40971A19C5149D3E /* Debug */,
				19DDED9657DA5DB44DB24DDA /* Release */,
			);
			defaultConfigurationIsVisible = 0;
			defaultConfigurationName = Release;
		};
/* End XCConfigurationList section */
	};
	rootObject = 19DDEBE3B34ACCFF75A42EE4 /* Project object */;
}
