// !$*UTF8*$!
{
	archiveVersion = 1;
	classes = {
	};
	objectVersion = 46;
	objects = {

/* Begin PBXBuildFile section */
		19DDE0924E21D7E79BBB70A3 /* ViewController.swift in Sources */ = {isa = PBXBuildFile; fileRef = 19DDEE4CB36A23D584A78B7E /* ViewController.swift */; };
		19DDE134BC48F372CEDFE907 /* MainTabBarController.swift in Sources */ = {isa = PBXBuildFile; fileRef = 19DDE4C07D73E423310D06D4 /* MainTabBarController.swift */; };
		19DDE1A0AAEB5417F252D6E8 /* Assets.xcassets in Resources */ = {isa = PBXBuildFile; fileRef = 19DDE5D0C5728B531D95BF4E /* Assets.xcassets */; };
		19DDE4F8125E58981208CD76 /* Main.storyboard in Resources */ = {isa = PBXBuildFile; fileRef = 19DDE6C57CAF134008BC06E8 /* Main.storyboard */; };
		19DDE538D2E46840D69BA9C8 /* Search.swift in Sources */ = {isa = PBXBuildFile; fileRef = 19DDE10B8803AEFD466E3A6C /* Search.swift */; };
		19DDE718990FBE49F0CF4BE6 /* SearchCollectionViewCell.swift in Sources */ = {isa = PBXBuildFile; fileRef = 19DDE34A3BCF94AD5BC391B2 /* SearchCollectionViewCell.swift */; };
		19DDE7B6A993EF02D08997D4 /* AppDelegate.swift in Sources */ = {isa = PBXBuildFile; fileRef = 19DDE91B61F66FFED7457C30 /* AppDelegate.swift */; };
		19DDE8F651B0EA404CB7810C /* NetworkService.swift in Sources */ = {isa = PBXBuildFile; fileRef = 19DDE1F60189DCAF3F93EFCB /* NetworkService.swift */; };
		19DDEAE701AA14E7CEBCFF24 /* App.swift in Sources */ = {isa = PBXBuildFile; fileRef = 19DDEC44896B62B877AB7940 /* App.swift */; };
		19DDEB3AE1C6C62552795087 /* LaunchScreen.storyboard in Resources */ = {isa = PBXBuildFile; fileRef = 19DDEE0D9F93D4578A87B92B /* LaunchScreen.storyboard */; };
		19DDED7B3D61F128F683F97C /* SearchViewController.swift in Sources */ = {isa = PBXBuildFile; fileRef = 19DDE4641265806605D5E9B9 /* SearchViewController.swift */; };
		DCD6A03BD4F6F6FDE723F472 /* Pods_AppStore.framework in Frameworks */ = {isa = PBXBuildFile; fileRef = 6D09332DF4119F37091A7087 /* Pods_AppStore.framework */; };
/* End PBXBuildFile section */

/* Begin PBXFileReference section */
		19DDE10B8803AEFD466E3A6C /* Search.swift */ = {isa = PBXFileReference; fileEncoding = 4; lastKnownFileType = sourcecode.swift; path = Search.swift; sourceTree = "<group>"; };
		19DDE10D0D34AA4A21701176 /* Base */ = {isa = PBXFileReference; lastKnownFileType = file.storyboard; name = Base; path = Base.lproj/Main.storyboard; sourceTree = "<group>"; };
		19DDE1F310BF62AA4FB6ED14 /* Base */ = {isa = PBXFileReference; lastKnownFileType = file.storyboard; name = Base; path = Base.lproj/LaunchScreen.storyboard; sourceTree = "<group>"; };
		19DDE1F60189DCAF3F93EFCB /* NetworkService.swift */ = {isa = PBXFileReference; fileEncoding = 4; lastKnownFileType = sourcecode.swift; path = NetworkService.swift; sourceTree = "<group>"; };
		19DDE34A3BCF94AD5BC391B2 /* SearchCollectionViewCell.swift */ = {isa = PBXFileReference; fileEncoding = 4; lastKnownFileType = sourcecode.swift; path = SearchCollectionViewCell.swift; sourceTree = "<group>"; };
		19DDE4641265806605D5E9B9 /* SearchViewController.swift */ = {isa = PBXFileReference; fileEncoding = 4; lastKnownFileType = sourcecode.swift; path = SearchViewController.swift; sourceTree = "<group>"; };
		19DDE4C07D73E423310D06D4 /* MainTabBarController.swift */ = {isa = PBXFileReference; fileEncoding = 4; lastKnownFileType = sourcecode.swift; path = MainTabBarController.swift; sourceTree = "<group>"; };
		19DDE5D0C5728B531D95BF4E /* Assets.xcassets */ = {isa = PBXFileReference; lastKnownFileType = folder.assetcatalog; path = Assets.xcassets; sourceTree = "<group>"; };
		19DDE91B61F66FFED7457C30 /* AppDelegate.swift */ = {isa = PBXFileReference; lastKnownFileType = sourcecode.swift; path = AppDelegate.swift; sourceTree = "<group>"; };
		19DDEBF767BD5C8DBCABAD9F /* AppStore.app */ = {isa = PBXFileReference; explicitFileType = wrapper.application; includeInIndex = 0; path = AppStore.app; sourceTree = BUILT_PRODUCTS_DIR; };
		19DDEC0A5E5AE8CFBE5E2DCA /* Info.plist */ = {isa = PBXFileReference; lastKnownFileType = text.plist.info; path = Info.plist; sourceTree = "<group>"; };
		19DDEC44896B62B877AB7940 /* App.swift */ = {isa = PBXFileReference; fileEncoding = 4; lastKnownFileType = sourcecode.swift; path = App.swift; sourceTree = "<group>"; };
		19DDEE4CB36A23D584A78B7E /* ViewController.swift */ = {isa = PBXFileReference; fileEncoding = 4; lastKnownFileType = sourcecode.swift; path = ViewController.swift; sourceTree = "<group>"; };
		697A5165E38B82ACCBCF1864 /* Pods-AppStore.debug.xcconfig */ = {isa = PBXFileReference; includeInIndex = 1; lastKnownFileType = text.xcconfig; name = "Pods-AppStore.debug.xcconfig"; path = "Target Support Files/Pods-AppStore/Pods-AppStore.debug.xcconfig"; sourceTree = "<group>"; };
		6D09332DF4119F37091A7087 /* Pods_AppStore.framework */ = {isa = PBXFileReference; explicitFileType = wrapper.framework; includeInIndex = 0; path = Pods_AppStore.framework; sourceTree = BUILT_PRODUCTS_DIR; };
		76EF76D2018EE7000DE25949 /* Pods-AppStore.release.xcconfig */ = {isa = PBXFileReference; includeInIndex = 1; lastKnownFileType = text.xcconfig; name = "Pods-AppStore.release.xcconfig"; path = "Target Support Files/Pods-AppStore/Pods-AppStore.release.xcconfig"; sourceTree = "<group>"; };
/* End PBXFileReference section */

/* Begin PBXFrameworksBuildPhase section */
		19DDE87651B2C7CC4D5AD628 /* Frameworks */ = {
			isa = PBXFrameworksBuildPhase;
			buildActionMask = 2147483647;
			files = (
				DCD6A03BD4F6F6FDE723F472 /* Pods_AppStore.framework in Frameworks */,
			);
			runOnlyForDeploymentPostprocessing = 0;
		};
/* End PBXFrameworksBuildPhase section */

/* Begin PBXGroup section */
		19DDE3C41F4E0ACB91CA4A45 /* AppStore */ = {
			isa = PBXGroup;
			children = (
				19DDEC0A5E5AE8CFBE5E2DCA /* Info.plist */,
				19DDE5D0C5728B531D95BF4E /* Assets.xcassets */,
				19DDEE0D9F93D4578A87B92B /* LaunchScreen.storyboard */,
				19DDE91B61F66FFED7457C30 /* AppDelegate.swift */,
				19DDE6C57CAF134008BC06E8 /* Main.storyboard */,
				19DDECB2194DD316698DA395 /* Controllers */,
				19DDE5A84851952569A08B7D /* Views */,
				19DDE634E122AE8D10D81B93 /* Models */,
				19DDEEC13E2196370BC3CD2A /* Services */,
			);
			path = AppStore;
			sourceTree = "<group>";
		};
		19DDE5A84851952569A08B7D /* Views */ = {
			isa = PBXGroup;
			children = (
				19DDE34A3BCF94AD5BC391B2 /* SearchCollectionViewCell.swift */,
			);
			path = Views;
			sourceTree = "<group>";
		};
		19DDE634E122AE8D10D81B93 /* Models */ = {
			isa = PBXGroup;
			children = (
				19DDE10B8803AEFD466E3A6C /* Search.swift */,
				19DDEC44896B62B877AB7940 /* App.swift */,
			);
			path = Models;
			sourceTree = "<group>";
		};
		19DDE6EAF632B8AD0492979A /* Products */ = {
			isa = PBXGroup;
			children = (
				19DDEBF767BD5C8DBCABAD9F /* AppStore.app */,
			);
			name = Products;
			sourceTree = "<group>";
		};
		19DDEBCB4F6EC921D326B8A3 = {
			isa = PBXGroup;
			children = (
				19DDE6EAF632B8AD0492979A /* Products */,
				19DDE3C41F4E0ACB91CA4A45 /* AppStore */,
				D3BCBE10032187F53622B64C /* Pods */,
				49DAFFDF97345BE923E892D5 /* Frameworks */,
			);
			sourceTree = "<group>";
		};
		19DDECB2194DD316698DA395 /* Controllers */ = {
			isa = PBXGroup;
			children = (
				19DDE4C07D73E423310D06D4 /* MainTabBarController.swift */,
				19DDE4641265806605D5E9B9 /* SearchViewController.swift */,
				19DDEE4CB36A23D584A78B7E /* ViewController.swift */,
			);
			path = Controllers;
			sourceTree = "<group>";
		};
		19DDEEC13E2196370BC3CD2A /* Services */ = {
			isa = PBXGroup;
			children = (
				19DDE1F60189DCAF3F93EFCB /* NetworkService.swift */,
			);
			path = Services;
			sourceTree = "<group>";
		};
		49DAFFDF97345BE923E892D5 /* Frameworks */ = {
			isa = PBXGroup;
			children = (
				6D09332DF4119F37091A7087 /* Pods_AppStore.framework */,
			);
			name = Frameworks;
			sourceTree = "<group>";
		};
		D3BCBE10032187F53622B64C /* Pods */ = {
			isa = PBXGroup;
			children = (
				697A5165E38B82ACCBCF1864 /* Pods-AppStore.debug.xcconfig */,
				76EF76D2018EE7000DE25949 /* Pods-AppStore.release.xcconfig */,
			);
			name = Pods;
			path = Pods;
			sourceTree = "<group>";
		};
/* End PBXGroup section */

/* Begin PBXNativeTarget section */
		19DDE562E3CEF7F2032438A9 /* AppStore */ = {
			isa = PBXNativeTarget;
			buildConfigurationList = 19DDE70FF8D6110B3361D091 /* Build configuration list for PBXNativeTarget "AppStore" */;
			buildPhases = (
				0D6C2AA50A49251ED774B522 /* [CP] Check Pods Manifest.lock */,
				19DDEF91346D93D62CBE4016 /* Sources */,
				19DDE87651B2C7CC4D5AD628 /* Frameworks */,
				19DDEF8227BEA4701E20CCD3 /* Resources */,
				A3BE603A4EAA99CD19A84B5C /* [CP] Embed Pods Frameworks */,
			);
			buildRules = (
			);
			dependencies = (
			);
			name = AppStore;
			productName = AppStore;
			productReference = 19DDEBF767BD5C8DBCABAD9F /* AppStore.app */;
			productType = "com.apple.product-type.application";
		};
/* End PBXNativeTarget section */

/* Begin PBXProject section */
		19DDE261F673915D25D0999D /* Project object */ = {
			isa = PBXProject;
			attributes = {
				ORGANIZATIONNAME = kat8n;
			};
			buildConfigurationList = 19DDEDAFF8DA74626E5FCB40 /* Build configuration list for PBXProject "AppStore" */;
			compatibilityVersion = "Xcode 3.2";
			developmentRegion = English;
			hasScannedForEncodings = 0;
			knownRegions = (
				English,
				en,
				Base,
			);
			mainGroup = 19DDEBCB4F6EC921D326B8A3;
			productRefGroup = 19DDE6EAF632B8AD0492979A /* Products */;
			projectDirPath = "";
			projectRoot = "";
			targets = (
				19DDE562E3CEF7F2032438A9 /* AppStore */,
			);
		};
/* End PBXProject section */

/* Begin PBXResourcesBuildPhase section */
		19DDEF8227BEA4701E20CCD3 /* Resources */ = {
			isa = PBXResourcesBuildPhase;
			buildActionMask = 2147483647;
			files = (
				19DDE1A0AAEB5417F252D6E8 /* Assets.xcassets in Resources */,
				19DDEB3AE1C6C62552795087 /* LaunchScreen.storyboard in Resources */,
				19DDE4F8125E58981208CD76 /* Main.storyboard in Resources */,
			);
			runOnlyForDeploymentPostprocessing = 0;
		};
/* End PBXResourcesBuildPhase section */

/* Begin PBXShellScriptBuildPhase section */
		0D6C2AA50A49251ED774B522 /* [CP] Check Pods Manifest.lock */ = {
			isa = PBXShellScriptBuildPhase;
			buildActionMask = 2147483647;
			files = (
			);
			inputFileListPaths = (
			);
			inputPaths = (
				"${PODS_PODFILE_DIR_PATH}/Podfile.lock",
				"${PODS_ROOT}/Manifest.lock",
			);
			name = "[CP] Check Pods Manifest.lock";
			outputFileListPaths = (
			);
			outputPaths = (
				"$(DERIVED_FILE_DIR)/Pods-AppStore-checkManifestLockResult.txt",
			);
			runOnlyForDeploymentPostprocessing = 0;
			shellPath = /bin/sh;
			shellScript = "diff \"${PODS_PODFILE_DIR_PATH}/Podfile.lock\" \"${PODS_ROOT}/Manifest.lock\" > /dev/null\nif [ $? != 0 ] ; then\n    # print error to STDERR\n    echo \"error: The sandbox is not in sync with the Podfile.lock. Run 'pod install' or update your CocoaPods installation.\" >&2\n    exit 1\nfi\n# This output is used by Xcode 'outputs' to avoid re-running this script phase.\necho \"SUCCESS\" > \"${SCRIPT_OUTPUT_FILE_0}\"\n";
			showEnvVarsInLog = 0;
		};
		A3BE603A4EAA99CD19A84B5C /* [CP] Embed Pods Frameworks */ = {
			isa = PBXShellScriptBuildPhase;
			buildActionMask = 2147483647;
			files = (
			);
			inputFileListPaths = (
			);
			inputPaths = (
				"${PODS_ROOT}/Target Support Files/Pods-AppStore/Pods-AppStore-frameworks.sh",
				"${BUILT_PRODUCTS_DIR}/SDWebImage/SDWebImage.framework",
			);
			name = "[CP] Embed Pods Frameworks";
			outputFileListPaths = (
			);
			outputPaths = (
				"${TARGET_BUILD_DIR}/${FRAMEWORKS_FOLDER_PATH}/SDWebImage.framework",
			);
			runOnlyForDeploymentPostprocessing = 0;
			shellPath = /bin/sh;
			shellScript = "\"${PODS_ROOT}/Target Support Files/Pods-AppStore/Pods-AppStore-frameworks.sh\"\n";
			showEnvVarsInLog = 0;
		};
/* End PBXShellScriptBuildPhase section */

/* Begin PBXSourcesBuildPhase section */
		19DDEF91346D93D62CBE4016 /* Sources */ = {
			isa = PBXSourcesBuildPhase;
			buildActionMask = 2147483647;
			files = (
				19DDE7B6A993EF02D08997D4 /* AppDelegate.swift in Sources */,
				19DDE134BC48F372CEDFE907 /* MainTabBarController.swift in Sources */,
				19DDED7B3D61F128F683F97C /* SearchViewController.swift in Sources */,
				19DDE0924E21D7E79BBB70A3 /* ViewController.swift in Sources */,
				19DDE718990FBE49F0CF4BE6 /* SearchCollectionViewCell.swift in Sources */,
				19DDE538D2E46840D69BA9C8 /* Search.swift in Sources */,
				19DDEAE701AA14E7CEBCFF24 /* App.swift in Sources */,
				19DDE8F651B0EA404CB7810C /* NetworkService.swift in Sources */,
			);
			runOnlyForDeploymentPostprocessing = 0;
		};
/* End PBXSourcesBuildPhase section */

/* Begin PBXVariantGroup section */
		19DDE6C57CAF134008BC06E8 /* Main.storyboard */ = {
			isa = PBXVariantGroup;
			children = (
				19DDE10D0D34AA4A21701176 /* Base */,
			);
			name = Main.storyboard;
			sourceTree = "<group>";
		};
		19DDEE0D9F93D4578A87B92B /* LaunchScreen.storyboard */ = {
			isa = PBXVariantGroup;
			children = (
				19DDE1F310BF62AA4FB6ED14 /* Base */,
			);
			name = LaunchScreen.storyboard;
			sourceTree = "<group>";
		};
/* End PBXVariantGroup section */

/* Begin XCBuildConfiguration section */
		19DDE25654C6F6E183CC8CD5 /* Debug */ = {
			isa = XCBuildConfiguration;
			buildSettings = {
				ALWAYS_SEARCH_USER_PATHS = NO;
				CLANG_ANALYZER_NONNULL = YES;
				CLANG_ANALYZER_NUMBER_OBJECT_CONVERSION = YES_AGGRESSIVE;
				CLANG_CXX_LANGUAGE_STANDARD = "gnu++14";
				CLANG_CXX_LIBRARY = "libc++";
				CLANG_ENABLE_MODULES = YES;
				CLANG_ENABLE_OBJC_ARC = YES;
				CLANG_ENABLE_OBJC_WEAK = YES;
				CLANG_WARN_BLOCK_CAPTURE_AUTORELEASING = YES;
				CLANG_WARN_BOOL_CONVERSION = YES;
				CLANG_WARN_COMMA = YES;
				CLANG_WARN_CONSTANT_CONVERSION = YES;
				CLANG_WARN_DEPRECATED_OBJC_IMPLEMENTATIONS = YES;
				CLANG_WARN_DIRECT_OBJC_ISA_USAGE = YES_ERROR;
				CLANG_WARN_DOCUMENTATION_COMMENTS = YES;
				CLANG_WARN_EMPTY_BODY = YES;
				CLANG_WARN_ENUM_CONVERSION = YES;
				CLANG_WARN_INFINITE_RECURSION = YES;
				CLANG_WARN_INT_CONVERSION = YES;
				CLANG_WARN_NON_LITERAL_NULL_CONVERSION = YES;
				CLANG_WARN_OBJC_IMPLICIT_RETAIN_SELF = YES;
				CLANG_WARN_OBJC_LITERAL_CONVERSION = YES;
				CLANG_WARN_OBJC_ROOT_CLASS = YES_ERROR;
				CLANG_WARN_RANGE_LOOP_ANALYSIS = YES;
				CLANG_WARN_STRICT_PROTOTYPES = YES;
				CLANG_WARN_SUSPICIOUS_MOVE = YES;
				CLANG_WARN_UNGUARDED_AVAILABILITY = YES_AGGRESSIVE;
				CLANG_WARN_UNREACHABLE_CODE = YES;
				CLANG_WARN__DUPLICATE_METHOD_MATCH = YES;
				CODE_SIGN_IDENTITY = "iPhone Developer";
				COPY_PHASE_STRIP = NO;
				DEBUG_INFORMATION_FORMAT = dwarf;
				ENABLE_STRICT_OBJC_MSGSEND = YES;
				ENABLE_TESTABILITY = YES;
				GCC_C_LANGUAGE_STANDARD = gnu11;
				GCC_DYNAMIC_NO_PIC = NO;
				GCC_NO_COMMON_BLOCKS = YES;
				GCC_OPTIMIZATION_LEVEL = 0;
				GCC_PREPROCESSOR_DEFINITIONS = (
					"DEBUG=1",
					"$(inherited)",
				);
				GCC_WARN_64_TO_32_BIT_CONVERSION = YES;
				GCC_WARN_ABOUT_RETURN_TYPE = YES_ERROR;
				GCC_WARN_UNDECLARED_SELECTOR = YES;
				GCC_WARN_UNINITIALIZED_AUTOS = YES_AGGRESSIVE;
				GCC_WARN_UNUSED_FUNCTION = YES;
				GCC_WARN_UNUSED_VARIABLE = YES;
				IPHONEOS_DEPLOYMENT_TARGET = 12.2;
				MTL_ENABLE_DEBUG_INFO = INCLUDE_SOURCE;
				MTL_FAST_MATH = YES;
				ONLY_ACTIVE_ARCH = YES;
				SDKROOT = iphoneos;
				SWIFT_ACTIVE_COMPILATION_CONDITIONS = DEBUG;
				SWIFT_OPTIMIZATION_LEVEL = "-Onone";
			};
			name = Debug;
		};
		19DDE4DA8ECB7341DA8D070A /* Release */ = {
			isa = XCBuildConfiguration;
			buildSettings = {
				ALWAYS_SEARCH_USER_PATHS = NO;
				CLANG_ANALYZER_NONNULL = YES;
				CLANG_ANALYZER_NUMBER_OBJECT_CONVERSION = YES_AGGRESSIVE;
				CLANG_CXX_LANGUAGE_STANDARD = "gnu++14";
				CLANG_CXX_LIBRARY = "libc++";
				CLANG_ENABLE_MODULES = YES;
				CLANG_ENABLE_OBJC_ARC = YES;
				CLANG_ENABLE_OBJC_WEAK = YES;
				CLANG_WARN_BLOCK_CAPTURE_AUTORELEASING = YES;
				CLANG_WARN_BOOL_CONVERSION = YES;
				CLANG_WARN_COMMA = YES;
				CLANG_WARN_CONSTANT_CONVERSION = YES;
				CLANG_WARN_DEPRECATED_OBJC_IMPLEMENTATIONS = YES;
				CLANG_WARN_DIRECT_OBJC_ISA_USAGE = YES_ERROR;
				CLANG_WARN_DOCUMENTATION_COMMENTS = YES;
				CLANG_WARN_EMPTY_BODY = YES;
				CLANG_WARN_ENUM_CONVERSION = YES;
				CLANG_WARN_INFINITE_RECURSION = YES;
				CLANG_WARN_INT_CONVERSION = YES;
				CLANG_WARN_NON_LITERAL_NULL_CONVERSION = YES;
				CLANG_WARN_OBJC_IMPLICIT_RETAIN_SELF = YES;
				CLANG_WARN_OBJC_LITERAL_CONVERSION = YES;
				CLANG_WARN_OBJC_ROOT_CLASS = YES_ERROR;
				CLANG_WARN_RANGE_LOOP_ANALYSIS = YES;
				CLANG_WARN_STRICT_PROTOTYPES = YES;
				CLANG_WARN_SUSPICIOUS_MOVE = YES;
				CLANG_WARN_UNGUARDED_AVAILABILITY = YES_AGGRESSIVE;
				CLANG_WARN_UNREACHABLE_CODE = YES;
				CLANG_WARN__DUPLICATE_METHOD_MATCH = YES;
				CODE_SIGN_IDENTITY = "iPhone Developer";
				COPY_PHASE_STRIP = NO;
				DEBUG_INFORMATION_FORMAT = "dwarf-with-dsym";
				ENABLE_NS_ASSERTIONS = NO;
				ENABLE_STRICT_OBJC_MSGSEND = YES;
				GCC_C_LANGUAGE_STANDARD = gnu11;
				GCC_NO_COMMON_BLOCKS = YES;
				GCC_WARN_64_TO_32_BIT_CONVERSION = YES;
				GCC_WARN_ABOUT_RETURN_TYPE = YES_ERROR;
				GCC_WARN_UNDECLARED_SELECTOR = YES;
				GCC_WARN_UNINITIALIZED_AUTOS = YES_AGGRESSIVE;
				GCC_WARN_UNUSED_FUNCTION = YES;
				GCC_WARN_UNUSED_VARIABLE = YES;
				IPHONEOS_DEPLOYMENT_TARGET = 12.2;
				MTL_ENABLE_DEBUG_INFO = NO;
				MTL_FAST_MATH = YES;
				SDKROOT = iphoneos;
				SWIFT_OPTIMIZATION_LEVEL = "-Owholemodule";
				VALIDATE_PRODUCT = YES;
			};
			name = Release;
		};
		19DDE74AD99627020E7D7090 /* Release */ = {
			isa = XCBuildConfiguration;
			baseConfigurationReference = 76EF76D2018EE7000DE25949 /* Pods-AppStore.release.xcconfig */;
			buildSettings = {
				ASSETCATALOG_COMPILER_APPICON_NAME = AppIcon;
				INFOPLIST_FILE = AppStore/Info.plist;
				LD_RUNPATH_SEARCH_PATHS = "$(inherited) @executable_path/Frameworks";
				PRODUCT_BUNDLE_IDENTIFIER = com.kat8n.AppStore;
				PRODUCT_NAME = "$(TARGET_NAME)";
				SWIFT_VERSION = 5.0;
				TARGETED_DEVICE_FAMILY = "1,2";
			};
			name = Release;
		};
		19DDEACCB95C518FA6677551 /* Debug */ = {
			isa = XCBuildConfiguration;
			baseConfigurationReference = 697A5165E38B82ACCBCF1864 /* Pods-AppStore.debug.xcconfig */;
			buildSettings = {
				ASSETCATALOG_COMPILER_APPICON_NAME = AppIcon;
				INFOPLIST_FILE = AppStore/Info.plist;
				LD_RUNPATH_SEARCH_PATHS = "$(inherited) @executable_path/Frameworks";
				PRODUCT_BUNDLE_IDENTIFIER = com.kat8n.AppStore;
				PRODUCT_NAME = "$(TARGET_NAME)";
				SWIFT_VERSION = 5.0;
				TARGETED_DEVICE_FAMILY = "1,2";
			};
			name = Debug;
		};
/* End XCBuildConfiguration section */

/* Begin XCConfigurationList section */
		19DDE70FF8D6110B3361D091 /* Build configuration list for PBXNativeTarget "AppStore" */ = {
			isa = XCConfigurationList;
			buildConfigurations = (
				19DDEACCB95C518FA6677551 /* Debug */,
				19DDE74AD99627020E7D7090 /* Release */,
			);
			defaultConfigurationIsVisible = 0;
			defaultConfigurationName = Release;
		};
		19DDEDAFF8DA74626E5FCB40 /* Build configuration list for PBXProject "AppStore" */ = {
			isa = XCConfigurationList;
			buildConfigurations = (
				19DDE25654C6F6E183CC8CD5 /* Debug */,
				19DDE4DA8ECB7341DA8D070A /* Release */,
			);
			defaultConfigurationIsVisible = 0;
			defaultConfigurationName = Release;
		};
/* End XCConfigurationList section */
	};
	rootObject = 19DDE261F673915D25D0999D /* Project object */;
}
